// !$*UTF8*$!
{
	archiveVersion = 1;
	classes = {
	};
	objectVersion = 46;
	objects = {

/* Begin PBXBuildFile section */
		F20E5F8B1DF53D0D0069088D /* NotificationCenter.framework in Frameworks */ = {isa = PBXBuildFile; fileRef = F20E5F8A1DF53D0D0069088D /* NotificationCenter.framework */; };
		F20E5F8E1DF53D0D0069088D /* TodayViewController.swift in Sources */ = {isa = PBXBuildFile; fileRef = F20E5F8D1DF53D0D0069088D /* TodayViewController.swift */; };
		F20E5F911DF53D0D0069088D /* MainInterface.storyboard in Resources */ = {isa = PBXBuildFile; fileRef = F20E5F8F1DF53D0D0069088D /* MainInterface.storyboard */; };
		F20E5F951DF53D0D0069088D /* MemoryReview.appex in Embed App Extensions */ = {isa = PBXBuildFile; fileRef = F20E5F881DF53D0D0069088D /* MemoryReview.appex */; settings = {ATTRIBUTES = (RemoveHeadersOnCopy, ); }; };
		F20E5F9C1DF53F2F0069088D /* DRHistogramView.swift in Sources */ = {isa = PBXBuildFile; fileRef = F21FAA181DEEDD49007576F5 /* DRHistogramView.swift */; };
		F21FAA071DEEDD28007576F5 /* AppDelegate.swift in Sources */ = {isa = PBXBuildFile; fileRef = F21FAA061DEEDD28007576F5 /* AppDelegate.swift */; };
		F21FAA091DEEDD28007576F5 /* ViewController.swift in Sources */ = {isa = PBXBuildFile; fileRef = F21FAA081DEEDD28007576F5 /* ViewController.swift */; };
		F21FAA0C1DEEDD28007576F5 /* Main.storyboard in Resources */ = {isa = PBXBuildFile; fileRef = F21FAA0A1DEEDD28007576F5 /* Main.storyboard */; };
		F21FAA0E1DEEDD28007576F5 /* Assets.xcassets in Resources */ = {isa = PBXBuildFile; fileRef = F21FAA0D1DEEDD28007576F5 /* Assets.xcassets */; };
		F21FAA111DEEDD28007576F5 /* LaunchScreen.storyboard in Resources */ = {isa = PBXBuildFile; fileRef = F21FAA0F1DEEDD28007576F5 /* LaunchScreen.storyboard */; };
		F21FAA191DEEDD49007576F5 /* DRHistogramView.swift in Sources */ = {isa = PBXBuildFile; fileRef = F21FAA181DEEDD49007576F5 /* DRHistogramView.swift */; };
/* End PBXBuildFile section */

/* Begin PBXContainerItemProxy section */
		F20E5F931DF53D0D0069088D /* PBXContainerItemProxy */ = {
			isa = PBXContainerItemProxy;
			containerPortal = F21FA9FB1DEEDD28007576F5 /* Project object */;
			proxyType = 1;
			remoteGlobalIDString = F20E5F871DF53D0D0069088D;
			remoteInfo = MemoryReview;
		};
/* End PBXContainerItemProxy section */

/* Begin PBXCopyFilesBuildPhase section */
		F20E5F991DF53D0D0069088D /* Embed App Extensions */ = {
			isa = PBXCopyFilesBuildPhase;
			buildActionMask = 2147483647;
			dstPath = "";
			dstSubfolderSpec = 13;
			files = (
				F20E5F951DF53D0D0069088D /* MemoryReview.appex in Embed App Extensions */,
			);
			name = "Embed App Extensions";
			runOnlyForDeploymentPostprocessing = 0;
		};
/* End PBXCopyFilesBuildPhase section */

/* Begin PBXFileReference section */
		F20E5F881DF53D0D0069088D /* MemoryReview.appex */ = {isa = PBXFileReference; explicitFileType = "wrapper.app-extension"; includeInIndex = 0; path = MemoryReview.appex; sourceTree = BUILT_PRODUCTS_DIR; };
		F20E5F8A1DF53D0D0069088D /* NotificationCenter.framework */ = {isa = PBXFileReference; lastKnownFileType = wrapper.framework; name = NotificationCenter.framework; path = System/Library/Frameworks/NotificationCenter.framework; sourceTree = SDKROOT; };
		F20E5F8D1DF53D0D0069088D /* TodayViewController.swift */ = {isa = PBXFileReference; lastKnownFileType = sourcecode.swift; path = TodayViewController.swift; sourceTree = "<group>"; };
		F20E5F901DF53D0D0069088D /* Base */ = {isa = PBXFileReference; lastKnownFileType = file.storyboard; name = Base; path = Base.lproj/MainInterface.storyboard; sourceTree = "<group>"; };
		F20E5F921DF53D0D0069088D /* Info.plist */ = {isa = PBXFileReference; lastKnownFileType = text.plist.xml; path = Info.plist; sourceTree = "<group>"; };
		F20E5F9A1DF53D3C0069088D /* DRHistogramViewExample.entitlements */ = {isa = PBXFileReference; lastKnownFileType = text.plist.entitlements; path = DRHistogramViewExample.entitlements; sourceTree = "<group>"; };
		F20E5F9B1DF53D690069088D /* MemoryReview.entitlements */ = {isa = PBXFileReference; lastKnownFileType = text.plist.entitlements; path = MemoryReview.entitlements; sourceTree = "<group>"; };
		F21FAA031DEEDD28007576F5 /* DRHistogramViewExample.app */ = {isa = PBXFileReference; explicitFileType = wrapper.application; includeInIndex = 0; path = DRHistogramViewExample.app; sourceTree = BUILT_PRODUCTS_DIR; };
		F21FAA061DEEDD28007576F5 /* AppDelegate.swift */ = {isa = PBXFileReference; lastKnownFileType = sourcecode.swift; path = AppDelegate.swift; sourceTree = "<group>"; };
		F21FAA081DEEDD28007576F5 /* ViewController.swift */ = {isa = PBXFileReference; lastKnownFileType = sourcecode.swift; path = ViewController.swift; sourceTree = "<group>"; };
		F21FAA0B1DEEDD28007576F5 /* Base */ = {isa = PBXFileReference; lastKnownFileType = file.storyboard; name = Base; path = Base.lproj/Main.storyboard; sourceTree = "<group>"; };
		F21FAA0D1DEEDD28007576F5 /* Assets.xcassets */ = {isa = PBXFileReference; lastKnownFileType = folder.assetcatalog; path = Assets.xcassets; sourceTree = "<group>"; };
		F21FAA101DEEDD28007576F5 /* Base */ = {isa = PBXFileReference; lastKnownFileType = file.storyboard; name = Base; path = Base.lproj/LaunchScreen.storyboard; sourceTree = "<group>"; };
		F21FAA121DEEDD28007576F5 /* Info.plist */ = {isa = PBXFileReference; lastKnownFileType = text.plist.xml; path = Info.plist; sourceTree = "<group>"; };
		F21FAA181DEEDD49007576F5 /* DRHistogramView.swift */ = {isa = PBXFileReference; fileEncoding = 4; lastKnownFileType = sourcecode.swift; path = DRHistogramView.swift; sourceTree = "<group>"; };
/* End PBXFileReference section */

/* Begin PBXFrameworksBuildPhase section */
		F20E5F851DF53D0D0069088D /* Frameworks */ = {
			isa = PBXFrameworksBuildPhase;
			buildActionMask = 2147483647;
			files = (
				F20E5F8B1DF53D0D0069088D /* NotificationCenter.framework in Frameworks */,
			);
			runOnlyForDeploymentPostprocessing = 0;
		};
		F21FAA001DEEDD28007576F5 /* Frameworks */ = {
			isa = PBXFrameworksBuildPhase;
			buildActionMask = 2147483647;
			files = (
			);
			runOnlyForDeploymentPostprocessing = 0;
		};
/* End PBXFrameworksBuildPhase section */

/* Begin PBXGroup section */
		F20E5F891DF53D0D0069088D /* Frameworks */ = {
			isa = PBXGroup;
			children = (
				F20E5F8A1DF53D0D0069088D /* NotificationCenter.framework */,
			);
			name = Frameworks;
			sourceTree = "<group>";
		};
		F20E5F8C1DF53D0D0069088D /* MemoryReview */ = {
			isa = PBXGroup;
			children = (
				F20E5F9B1DF53D690069088D /* MemoryReview.entitlements */,
				F20E5F8D1DF53D0D0069088D /* TodayViewController.swift */,
				F20E5F8F1DF53D0D0069088D /* MainInterface.storyboard */,
				F20E5F921DF53D0D0069088D /* Info.plist */,
			);
			path = MemoryReview;
			sourceTree = "<group>";
		};
		F21FA9FA1DEEDD28007576F5 = {
			isa = PBXGroup;
			children = (
				F21FAA051DEEDD28007576F5 /* DRHistogramViewExample */,
				F20E5F8C1DF53D0D0069088D /* MemoryReview */,
				F20E5F891DF53D0D0069088D /* Frameworks */,
				F21FAA041DEEDD28007576F5 /* Products */,
			);
			sourceTree = "<group>";
		};
		F21FAA041DEEDD28007576F5 /* Products */ = {
			isa = PBXGroup;
			children = (
				F21FAA031DEEDD28007576F5 /* DRHistogramViewExample.app */,
				F20E5F881DF53D0D0069088D /* MemoryReview.appex */,
			);
			name = Products;
			sourceTree = "<group>";
		};
		F21FAA051DEEDD28007576F5 /* DRHistogramViewExample */ = {
			isa = PBXGroup;
			children = (
				F20E5F9A1DF53D3C0069088D /* DRHistogramViewExample.entitlements */,
				F21FAA061DEEDD28007576F5 /* AppDelegate.swift */,
				F21FAA081DEEDD28007576F5 /* ViewController.swift */,
				F21FAA181DEEDD49007576F5 /* DRHistogramView.swift */,
				F21FAA0A1DEEDD28007576F5 /* Main.storyboard */,
				F21FAA0D1DEEDD28007576F5 /* Assets.xcassets */,
				F21FAA0F1DEEDD28007576F5 /* LaunchScreen.storyboard */,
				F21FAA121DEEDD28007576F5 /* Info.plist */,
			);
			path = DRHistogramViewExample;
			sourceTree = "<group>";
		};
/* End PBXGroup section */

/* Begin PBXNativeTarget section */
		F20E5F871DF53D0D0069088D /* MemoryReview */ = {
			isa = PBXNativeTarget;
			buildConfigurationList = F20E5F981DF53D0D0069088D /* Build configuration list for PBXNativeTarget "MemoryReview" */;
			buildPhases = (
				F20E5F841DF53D0D0069088D /* Sources */,
				F20E5F851DF53D0D0069088D /* Frameworks */,
				F20E5F861DF53D0D0069088D /* Resources */,
			);
			buildRules = (
			);
			dependencies = (
			);
			name = MemoryReview;
			productName = MemoryReview;
			productReference = F20E5F881DF53D0D0069088D /* MemoryReview.appex */;
			productType = "com.apple.product-type.app-extension";
		};
		F21FAA021DEEDD28007576F5 /* DRHistogramViewExample */ = {
			isa = PBXNativeTarget;
			buildConfigurationList = F21FAA151DEEDD28007576F5 /* Build configuration list for PBXNativeTarget "DRHistogramViewExample" */;
			buildPhases = (
				F21FA9FF1DEEDD28007576F5 /* Sources */,
				F21FAA001DEEDD28007576F5 /* Frameworks */,
				F21FAA011DEEDD28007576F5 /* Resources */,
				F20E5F991DF53D0D0069088D /* Embed App Extensions */,
			);
			buildRules = (
			);
			dependencies = (
				F20E5F941DF53D0D0069088D /* PBXTargetDependency */,
			);
			name = DRHistogramViewExample;
			productName = DRHistogramViewExample;
			productReference = F21FAA031DEEDD28007576F5 /* DRHistogramViewExample.app */;
			productType = "com.apple.product-type.application";
		};
/* End PBXNativeTarget section */

/* Begin PBXProject section */
		F21FA9FB1DEEDD28007576F5 /* Project object */ = {
			isa = PBXProject;
			attributes = {
				LastSwiftUpdateCheck = 0800;
				LastUpgradeCheck = 0800;
				ORGANIZATIONNAME = xqzh;
				TargetAttributes = {
					F20E5F871DF53D0D0069088D = {
						CreatedOnToolsVersion = 8.0;
						DevelopmentTeam = X342LX7QRW;
						ProvisioningStyle = Automatic;
						SystemCapabilities = {
							com.apple.ApplicationGroups.iOS = {
								enabled = 1;
							};
						};
					};
					F21FAA021DEEDD28007576F5 = {
						CreatedOnToolsVersion = 8.0;
						DevelopmentTeam = X342LX7QRW;
						ProvisioningStyle = Automatic;
						SystemCapabilities = {
							com.apple.ApplicationGroups.iOS = {
								enabled = 1;
							};
						};
					};
				};
			};
			buildConfigurationList = F21FA9FE1DEEDD28007576F5 /* Build configuration list for PBXProject "DRHistogramViewExample" */;
			compatibilityVersion = "Xcode 3.2";
			developmentRegion = English;
			hasScannedForEncodings = 0;
			knownRegions = (
				en,
				Base,
			);
			mainGroup = F21FA9FA1DEEDD28007576F5;
			productRefGroup = F21FAA041DEEDD28007576F5 /* Products */;
			projectDirPath = "";
			projectRoot = "";
			targets = (
				F21FAA021DEEDD28007576F5 /* DRHistogramViewExample */,
				F20E5F871DF53D0D0069088D /* MemoryReview */,
			);
		};
/* End PBXProject section */

/* Begin PBXResourcesBuildPhase section */
		F20E5F861DF53D0D0069088D /* Resources */ = {
			isa = PBXResourcesBuildPhase;
			buildActionMask = 2147483647;
			files = (
				F20E5F911DF53D0D0069088D /* MainInterface.storyboard in Resources */,
			);
			runOnlyForDeploymentPostprocessing = 0;
		};
		F21FAA011DEEDD28007576F5 /* Resources */ = {
			isa = PBXResourcesBuildPhase;
			buildActionMask = 2147483647;
			files = (
				F21FAA111DEEDD28007576F5 /* LaunchScreen.storyboard in Resources */,
				F21FAA0E1DEEDD28007576F5 /* Assets.xcassets in Resources */,
				F21FAA0C1DEEDD28007576F5 /* Main.storyboard in Resources */,
			);
			runOnlyForDeploymentPostprocessing = 0;
		};
/* End PBXResourcesBuildPhase section */

/* Begin PBXSourcesBuildPhase section */
		F20E5F841DF53D0D0069088D /* Sources */ = {
			isa = PBXSourcesBuildPhase;
			buildActionMask = 2147483647;
			files = (
				F20E5F8E1DF53D0D0069088D /* TodayViewController.swift in Sources */,
				F20E5F9C1DF53F2F0069088D /* DRHistogramView.swift in Sources */,
			);
			runOnlyForDeploymentPostprocessing = 0;
		};
		F21FA9FF1DEEDD28007576F5 /* Sources */ = {
			isa = PBXSourcesBuildPhase;
			buildActionMask = 2147483647;
			files = (
				F21FAA191DEEDD49007576F5 /* DRHistogramView.swift in Sources */,
				F21FAA091DEEDD28007576F5 /* ViewController.swift in Sources */,
				F21FAA071DEEDD28007576F5 /* AppDelegate.swift in Sources */,
			);
			runOnlyForDeploymentPostprocessing = 0;
		};
/* End PBXSourcesBuildPhase section */

/* Begin PBXTargetDependency section */
		F20E5F941DF53D0D0069088D /* PBXTargetDependency */ = {
			isa = PBXTargetDependency;
			target = F20E5F871DF53D0D0069088D /* MemoryReview */;
			targetProxy = F20E5F931DF53D0D0069088D /* PBXContainerItemProxy */;
		};
/* End PBXTargetDependency section */

/* Begin PBXVariantGroup section */
		F20E5F8F1DF53D0D0069088D /* MainInterface.storyboard */ = {
			isa = PBXVariantGroup;
			children = (
				F20E5F901DF53D0D0069088D /* Base */,
			);
			name = MainInterface.storyboard;
			sourceTree = "<group>";
		};
		F21FAA0A1DEEDD28007576F5 /* Main.storyboard */ = {
			isa = PBXVariantGroup;
			children = (
				F21FAA0B1DEEDD28007576F5 /* Base */,
			);
			name = Main.storyboard;
			sourceTree = "<group>";
		};
		F21FAA0F1DEEDD28007576F5 /* LaunchScreen.storyboard */ = {
			isa = PBXVariantGroup;
			children = (
				F21FAA101DEEDD28007576F5 /* Base */,
			);
			name = LaunchScreen.storyboard;
			sourceTree = "<group>";
		};
/* End PBXVariantGroup section */

/* Begin XCBuildConfiguration section */
		F20E5F961DF53D0D0069088D /* Debug */ = {
			isa = XCBuildConfiguration;
			buildSettings = {
				CODE_SIGN_ENTITLEMENTS = MemoryReview/MemoryReview.entitlements;
				DEVELOPMENT_TEAM = X342LX7QRW;
				INFOPLIST_FILE = MemoryReview/Info.plist;
				LD_RUNPATH_SEARCH_PATHS = "$(inherited) @executable_path/Frameworks @executable_path/../../Frameworks";
				PRODUCT_BUNDLE_IDENTIFIER = com.zxq.DRHistogramViewExample.MemoryReview;
				PRODUCT_NAME = "$(TARGET_NAME)";
				SKIP_INSTALL = YES;
				SWIFT_VERSION = 3.0;
			};
			name = Debug;
		};
		F20E5F971DF53D0D0069088D /* Release */ = {
			isa = XCBuildConfiguration;
			buildSettings = {
				CODE_SIGN_ENTITLEMENTS = MemoryReview/MemoryReview.entitlements;
				DEVELOPMENT_TEAM = X342LX7QRW;
				INFOPLIST_FILE = MemoryReview/Info.plist;
				LD_RUNPATH_SEARCH_PATHS = "$(inherited) @executable_path/Frameworks @executable_path/../../Frameworks";
				PRODUCT_BUNDLE_IDENTIFIER = com.zxq.DRHistogramViewExample.MemoryReview;
				PRODUCT_NAME = "$(TARGET_NAME)";
				SKIP_INSTALL = YES;
				SWIFT_VERSION = 3.0;
			};
			name = Release;
		};
		F21FAA131DEEDD28007576F5 /* Debug */ = {
			isa = XCBuildConfiguration;
			buildSettings = {
				ALWAYS_SEARCH_USER_PATHS = NO;
				CLANG_ANALYZER_NONNULL = YES;
				CLANG_CXX_LANGUAGE_STANDARD = "gnu++0x";
				CLANG_CXX_LIBRARY = "libc++";
				CLANG_ENABLE_MODULES = YES;
				CLANG_ENABLE_OBJC_ARC = YES;
				CLANG_WARN_BOOL_CONVERSION = YES;
				CLANG_WARN_CONSTANT_CONVERSION = YES;
				CLANG_WARN_DIRECT_OBJC_ISA_USAGE = YES_ERROR;
				CLANG_WARN_DOCUMENTATION_COMMENTS = YES;
				CLANG_WARN_EMPTY_BODY = YES;
				CLANG_WARN_ENUM_CONVERSION = YES;
				CLANG_WARN_INFINITE_RECURSION = YES;
				CLANG_WARN_INT_CONVERSION = YES;
				CLANG_WARN_OBJC_ROOT_CLASS = YES_ERROR;
				CLANG_WARN_SUSPICIOUS_MOVES = YES;
				CLANG_WARN_UNREACHABLE_CODE = YES;
				CLANG_WARN__DUPLICATE_METHOD_MATCH = YES;
				"CODE_SIGN_IDENTITY[sdk=iphoneos*]" = "iPhone Developer";
				COPY_PHASE_STRIP = NO;
				DEBUG_INFORMATION_FORMAT = dwarf;
				ENABLE_STRICT_OBJC_MSGSEND = YES;
				ENABLE_TESTABILITY = YES;
				GCC_C_LANGUAGE_STANDARD = gnu99;
				GCC_DYNAMIC_NO_PIC = NO;
				GCC_NO_COMMON_BLOCKS = YES;
				GCC_OPTIMIZATION_LEVEL = 0;
				GCC_PREPROCESSOR_DEFINITIONS = (
					"DEBUG=1",
					"$(inherited)",
				);
				GCC_WARN_64_TO_32_BIT_CONVERSION = YES;
				GCC_WARN_ABOUT_RETURN_TYPE = YES_ERROR;
				GCC_WARN_UNDECLARED_SELECTOR = YES;
				GCC_WARN_UNINITIALIZED_AUTOS = YES_AGGRESSIVE;
				GCC_WARN_UNUSED_FUNCTION = YES;
				GCC_WARN_UNUSED_VARIABLE = YES;
				IPHONEOS_DEPLOYMENT_TARGET = 10.0;
				MTL_ENABLE_DEBUG_INFO = YES;
				ONLY_ACTIVE_ARCH = YES;
				SDKROOT = iphoneos;
				SWIFT_ACTIVE_COMPILATION_CONDITIONS = DEBUG;
				SWIFT_OPTIMIZATION_LEVEL = "-Onone";
				TARGETED_DEVICE_FAMILY = "1,2";
			};
			name = Debug;
		};
		F21FAA141DEEDD28007576F5 /* Release */ = {
			isa = XCBuildConfiguration;
			buildSettings = {
				ALWAYS_SEARCH_USER_PATHS = NO;
				CLANG_ANALYZER_NONNULL = YES;
				CLANG_CXX_LANGUAGE_STANDARD = "gnu++0x";
				CLANG_CXX_LIBRARY = "libc++";
				CLANG_ENABLE_MODULES = YES;
				CLANG_ENABLE_OBJC_ARC = YES;
				CLANG_WARN_BOOL_CONVERSION = YES;
				CLANG_WARN_CONSTANT_CONVERSION = YES;
				CLANG_WARN_DIRECT_OBJC_ISA_USAGE = YES_ERROR;
				CLANG_WARN_DOCUMENTATION_COMMENTS = YES;
				CLANG_WARN_EMPTY_BODY = YES;
				CLANG_WARN_ENUM_CONVERSION = YES;
				CLANG_WARN_INFINITE_RECURSION = YES;
				CLANG_WARN_INT_CONVERSION = YES;
				CLANG_WARN_OBJC_ROOT_CLASS = YES_ERROR;
				CLANG_WARN_SUSPICIOUS_MOVES = YES;
				CLANG_WARN_UNREACHABLE_CODE = YES;
				CLANG_WARN__DUPLICATE_METHOD_MATCH = YES;
				"CODE_SIGN_IDENTITY[sdk=iphoneos*]" = "iPhone Developer";
				COPY_PHASE_STRIP = NO;
				DEBUG_INFORMATION_FORMAT = "dwarf-with-dsym";
				ENABLE_NS_ASSERTIONS = NO;
				ENABLE_STRICT_OBJC_MSGSEND = YES;
				GCC_C_LANGUAGE_STANDARD = gnu99;
				GCC_NO_COMMON_BLOCKS = YES;
				GCC_WARN_64_TO_32_BIT_CONVERSION = YES;
				GCC_WARN_ABOUT_RETURN_TYPE = YES_ERROR;
				GCC_WARN_UNDECLARED_SELECTOR = YES;
				GCC_WARN_UNINITIALIZED_AUTOS = YES_AGGRESSIVE;
				GCC_WARN_UNUSED_FUNCTION = YES;
				GCC_WARN_UNUSED_VARIABLE = YES;
				IPHONEOS_DEPLOYMENT_TARGET = 10.0;
				MTL_ENABLE_DEBUG_INFO = NO;
				SDKROOT = iphoneos;
				SWIFT_OPTIMIZATION_LEVEL = "-Owholemodule";
				TARGETED_DEVICE_FAMILY = "1,2";
				VALIDATE_PRODUCT = YES;
			};
			name = Release;
		};
		F21FAA161DEEDD28007576F5 /* Debug */ = {
			isa = XCBuildConfiguration;
			buildSettings = {
				ALWAYS_EMBED_SWIFT_STANDARD_LIBRARIES = YES;
				ASSETCATALOG_COMPILER_APPICON_NAME = AppIcon;
				CODE_SIGN_ENTITLEMENTS = DRHistogramViewExample/DRHistogramViewExample.entitlements;
				DEVELOPMENT_TEAM = X342LX7QRW;
				INFOPLIST_FILE = DRHistogramViewExample/Info.plist;
				IPHONEOS_DEPLOYMENT_TARGET = 8.0;
				LD_RUNPATH_SEARCH_PATHS = "$(inherited) @executable_path/Frameworks";
				PRODUCT_BUNDLE_IDENTIFIER = com.zxq.DRHistogramViewExample;
				PRODUCT_NAME = "$(TARGET_NAME)";
				SWIFT_VERSION = 3.0;
			};
			name = Debug;
		};
		F21FAA171DEEDD28007576F5 /* Release */ = {
			isa = XCBuildConfiguration;
			buildSettings = {
				ALWAYS_EMBED_SWIFT_STANDARD_LIBRARIES = YES;
				ASSETCATALOG_COMPILER_APPICON_NAME = AppIcon;
				CODE_SIGN_ENTITLEMENTS = DRHistogramViewExample/DRHistogramViewExample.entitlements;
				DEVELOPMENT_TEAM = X342LX7QRW;
				INFOPLIST_FILE = DRHistogramViewExample/Info.plist;
				IPHONEOS_DEPLOYMENT_TARGET = 8.0;
				LD_RUNPATH_SEARCH_PATHS = "$(inherited) @executable_path/Frameworks";
				PRODUCT_BUNDLE_IDENTIFIER = com.zxq.DRHistogramViewExample;
				PRODUCT_NAME = "$(TARGET_NAME)";
				SWIFT_VERSION = 3.0;
			};
			name = Release;
		};
/* End XCBuildConfiguration section */

/* Begin XCConfigurationList section */
		F20E5F981DF53D0D0069088D /* Build configuration list for PBXNativeTarget "MemoryReview" */ = {
			isa = XCConfigurationList;
			buildConfigurations = (
				F20E5F961DF53D0D0069088D /* Debug */,
				F20E5F971DF53D0D0069088D /* Release */,
			);
			defaultConfigurationIsVisible = 0;
		};
		F21FA9FE1DEEDD28007576F5 /* Build configuration list for PBXProject "DRHistogramViewExample" */ = {
			isa = XCConfigurationList;
			buildConfigurations = (
				F21FAA131DEEDD28007576F5 /* Debug */,
				F21FAA141DEEDD28007576F5 /* Release */,
			);
			defaultConfigurationIsVisible = 0;
			defaultConfigurationName = Release;
		};
		F21FAA151DEEDD28007576F5 /* Build configuration list for PBXNativeTarget "DRHistogramViewExample" */ = {
			isa = XCConfigurationList;
			buildConfigurations = (
				F21FAA161DEEDD28007576F5 /* Debug */,
				F21FAA171DEEDD28007576F5 /* Release */,
			);
			defaultConfigurationIsVisible = 0;
			defaultConfigurationName = Release;
		};
/* End XCConfigurationList section */
	};
	rootObject = F21FA9FB1DEEDD28007576F5 /* Project object */;
}
