// !$*UTF8*$!
{
	archiveVersion = 1;
	classes = {
	};
	objectVersion = 46;
	objects = {

/* Begin PBXBuildFile section */
		6E20E71F1EEFC552007F2884 /* NetSpeedConvert.swift in Sources */ = {isa = PBXBuildFile; fileRef = 6E20E71E1EEFC552007F2884 /* NetSpeedConvert.swift */; };
		6E20E7201EEFC552007F2884 /* NetSpeedConvert.swift in Sources */ = {isa = PBXBuildFile; fileRef = 6E20E71E1EEFC552007F2884 /* NetSpeedConvert.swift */; };
		6E766CF61EFCE07100C62CED /* CurrentWIFIManager.swift in Sources */ = {isa = PBXBuildFile; fileRef = 6E766CF21EFCE06B00C62CED /* CurrentWIFIManager.swift */; };
		6E766CF71EFCE07200C62CED /* CurrentWIFIManager.swift in Sources */ = {isa = PBXBuildFile; fileRef = 6E766CF21EFCE06B00C62CED /* CurrentWIFIManager.swift */; };
		6E766CF81EFCE07A00C62CED /* DiskSpaceCaculate.swift in Sources */ = {isa = PBXBuildFile; fileRef = 6E766CF01EFCE06B00C62CED /* DiskSpaceCaculate.swift */; };
		6E766CF91EFCE07A00C62CED /* DRHistogramView.swift in Sources */ = {isa = PBXBuildFile; fileRef = 6E766CF41EFCE06B00C62CED /* DRHistogramView.swift */; };
		6E766CFA1EFCE07A00C62CED /* DiskSpaceCaculate.swift in Sources */ = {isa = PBXBuildFile; fileRef = 6E766CF01EFCE06B00C62CED /* DiskSpaceCaculate.swift */; };
		6E766CFB1EFCE07A00C62CED /* DRHistogramView.swift in Sources */ = {isa = PBXBuildFile; fileRef = 6E766CF41EFCE06B00C62CED /* DRHistogramView.swift */; };
		6E766CFC1EFCE08B00C62CED /* MemoryCaculate.m in Sources */ = {isa = PBXBuildFile; fileRef = 6E766CF31EFCE06B00C62CED /* MemoryCaculate.m */; };
		6E766CFD1EFCE08C00C62CED /* MemoryCaculate.m in Sources */ = {isa = PBXBuildFile; fileRef = 6E766CF31EFCE06B00C62CED /* MemoryCaculate.m */; };
		6E766CFE1EFCE09400C62CED /* NetSpeedCaculate.m in Sources */ = {isa = PBXBuildFile; fileRef = 6E766CF11EFCE06B00C62CED /* NetSpeedCaculate.m */; };
		6E766CFF1EFCE09500C62CED /* NetSpeedCaculate.m in Sources */ = {isa = PBXBuildFile; fileRef = 6E766CF11EFCE06B00C62CED /* NetSpeedCaculate.m */; };
		6E766D001EFCE09800C62CED /* ReachabilityManager.swift in Sources */ = {isa = PBXBuildFile; fileRef = 6E766CEE1EFCE06B00C62CED /* ReachabilityManager.swift */; };
		6E766D011EFCE09800C62CED /* ReachabilityManager.swift in Sources */ = {isa = PBXBuildFile; fileRef = 6E766CEE1EFCE06B00C62CED /* ReachabilityManager.swift */; };
		6E869CDA1EFD308300D728F8 /* set_down@2x.png in Resources */ = {isa = PBXBuildFile; fileRef = 6E869CD71EFD307C00D728F8 /* set_down@2x.png */; };
		6E869CDB1EFD308300D728F8 /* set_down@3x.png in Resources */ = {isa = PBXBuildFile; fileRef = 6E869CD61EFD307C00D728F8 /* set_down@3x.png */; };
		6E869CDC1EFD308300D728F8 /* set_up@2x.png in Resources */ = {isa = PBXBuildFile; fileRef = 6E869CD91EFD307C00D728F8 /* set_up@2x.png */; };
		6E869CDD1EFD308300D728F8 /* set_up@3x.png in Resources */ = {isa = PBXBuildFile; fileRef = 6E869CD81EFD307C00D728F8 /* set_up@3x.png */; };
		6E869CDE1EFD308300D728F8 /* set_down@2x.png in Resources */ = {isa = PBXBuildFile; fileRef = 6E869CD71EFD307C00D728F8 /* set_down@2x.png */; };
		6E869CDF1EFD308300D728F8 /* set_down@3x.png in Resources */ = {isa = PBXBuildFile; fileRef = 6E869CD61EFD307C00D728F8 /* set_down@3x.png */; };
		6E869CE01EFD308300D728F8 /* set_up@2x.png in Resources */ = {isa = PBXBuildFile; fileRef = 6E869CD91EFD307C00D728F8 /* set_up@2x.png */; };
		6E869CE11EFD308300D728F8 /* set_up@3x.png in Resources */ = {isa = PBXBuildFile; fileRef = 6E869CD81EFD307C00D728F8 /* set_up@3x.png */; };
		6E92722C1EFCEAC700C54682 /* BgProgressViewCell.swift in Sources */ = {isa = PBXBuildFile; fileRef = 6E92722B1EFCEAC700C54682 /* BgProgressViewCell.swift */; };
		6E9272351EFD031400C54682 /* set_wifi@2x.png in Resources */ = {isa = PBXBuildFile; fileRef = 6E9272341EFD031000C54682 /* set_wifi@2x.png */; };
		6E9272361EFD031400C54682 /* set_wifi@3x.png in Resources */ = {isa = PBXBuildFile; fileRef = 6E9272331EFD031000C54682 /* set_wifi@3x.png */; };
		6E9272371EFD031500C54682 /* set_wifi@2x.png in Resources */ = {isa = PBXBuildFile; fileRef = 6E9272341EFD031000C54682 /* set_wifi@2x.png */; };
		6E9272381EFD031500C54682 /* set_wifi@3x.png in Resources */ = {isa = PBXBuildFile; fileRef = 6E9272331EFD031000C54682 /* set_wifi@3x.png */; };
		6E9272411EFD05C500C54682 /* set_ram@2x.png in Resources */ = {isa = PBXBuildFile; fileRef = 6E92723F1EFD05C000C54682 /* set_ram@2x.png */; };
		6E9272421EFD05C500C54682 /* set_ram@3x.png in Resources */ = {isa = PBXBuildFile; fileRef = 6E9272401EFD05C000C54682 /* set_ram@3x.png */; };
		6E9272431EFD05C500C54682 /* set_ram@2x.png in Resources */ = {isa = PBXBuildFile; fileRef = 6E92723F1EFD05C000C54682 /* set_ram@2x.png */; };
		6E9272441EFD05C500C54682 /* set_ram@3x.png in Resources */ = {isa = PBXBuildFile; fileRef = 6E9272401EFD05C000C54682 /* set_ram@3x.png */; };
		6E92724D1EFD0CBD00C54682 /* set_mem@2x.png in Resources */ = {isa = PBXBuildFile; fileRef = 6E92724C1EFD0CB900C54682 /* set_mem@2x.png */; };
		6E92724E1EFD0CBD00C54682 /* set_mem@3x.png in Resources */ = {isa = PBXBuildFile; fileRef = 6E92724B1EFD0CB900C54682 /* set_mem@3x.png */; };
		6E92724F1EFD0CBD00C54682 /* set_mem@2x.png in Resources */ = {isa = PBXBuildFile; fileRef = 6E92724C1EFD0CB900C54682 /* set_mem@2x.png */; };
		6E9272501EFD0CBD00C54682 /* set_mem@3x.png in Resources */ = {isa = PBXBuildFile; fileRef = 6E92724B1EFD0CB900C54682 /* set_mem@3x.png */; };
		6ED8ABB91EFA79390001BEED /* cellular@2x.png in Resources */ = {isa = PBXBuildFile; fileRef = 6ED8ABB71EFA79390001BEED /* cellular@2x.png */; };
		6ED8ABBA1EFA79390001BEED /* cellular@2x.png in Resources */ = {isa = PBXBuildFile; fileRef = 6ED8ABB71EFA79390001BEED /* cellular@2x.png */; };
		6ED8ABBB1EFA79390001BEED /* cellular@3x.png in Resources */ = {isa = PBXBuildFile; fileRef = 6ED8ABB81EFA79390001BEED /* cellular@3x.png */; };
		6ED8ABBC1EFA79390001BEED /* cellular@3x.png in Resources */ = {isa = PBXBuildFile; fileRef = 6ED8ABB81EFA79390001BEED /* cellular@3x.png */; };
		6EECE0A21EEF87E70014F6D9 /* upspeed@2x.png in Resources */ = {isa = PBXBuildFile; fileRef = 6EECE09E1EEF87E70014F6D9 /* upspeed@2x.png */; };
		6EECE0A31EEF87E70014F6D9 /* upspeed@2x.png in Resources */ = {isa = PBXBuildFile; fileRef = 6EECE09E1EEF87E70014F6D9 /* upspeed@2x.png */; };
		6EECE0A41EEF87E70014F6D9 /* dspeed@3x.png in Resources */ = {isa = PBXBuildFile; fileRef = 6EECE09F1EEF87E70014F6D9 /* dspeed@3x.png */; };
		6EECE0A51EEF87E70014F6D9 /* dspeed@3x.png in Resources */ = {isa = PBXBuildFile; fileRef = 6EECE09F1EEF87E70014F6D9 /* dspeed@3x.png */; };
		6EECE0A61EEF87E70014F6D9 /* dspeed@2x.png in Resources */ = {isa = PBXBuildFile; fileRef = 6EECE0A01EEF87E70014F6D9 /* dspeed@2x.png */; };
		6EECE0A71EEF87E70014F6D9 /* dspeed@2x.png in Resources */ = {isa = PBXBuildFile; fileRef = 6EECE0A01EEF87E70014F6D9 /* dspeed@2x.png */; };
		6EECE0A81EEF87E70014F6D9 /* upspeed@3x.png in Resources */ = {isa = PBXBuildFile; fileRef = 6EECE0A11EEF87E70014F6D9 /* upspeed@3x.png */; };
		6EECE0A91EEF87E70014F6D9 /* upspeed@3x.png in Resources */ = {isa = PBXBuildFile; fileRef = 6EECE0A11EEF87E70014F6D9 /* upspeed@3x.png */; };
		6EFF1E201EEFBC530006A2E3 /* Reachability.swift in Sources */ = {isa = PBXBuildFile; fileRef = 6EFF1E1F1EEFBC340006A2E3 /* Reachability.swift */; };
		6EFF1E211EEFBC540006A2E3 /* Reachability.swift in Sources */ = {isa = PBXBuildFile; fileRef = 6EFF1E1F1EEFBC340006A2E3 /* Reachability.swift */; };
		F2052FF91E88B8010068A97F /* Constraint.swift in Sources */ = {isa = PBXBuildFile; fileRef = F2052FD61E88B8010068A97F /* Constraint.swift */; };
		F2052FFA1E88B8010068A97F /* Constraint.swift in Sources */ = {isa = PBXBuildFile; fileRef = F2052FD61E88B8010068A97F /* Constraint.swift */; };
		F2052FFB1E88B8010068A97F /* ConstraintAttributes.swift in Sources */ = {isa = PBXBuildFile; fileRef = F2052FD71E88B8010068A97F /* ConstraintAttributes.swift */; };
		F2052FFC1E88B8010068A97F /* ConstraintAttributes.swift in Sources */ = {isa = PBXBuildFile; fileRef = F2052FD71E88B8010068A97F /* ConstraintAttributes.swift */; };
		F2052FFD1E88B8010068A97F /* ConstraintConfig.swift in Sources */ = {isa = PBXBuildFile; fileRef = F2052FD81E88B8010068A97F /* ConstraintConfig.swift */; };
		F2052FFE1E88B8010068A97F /* ConstraintConfig.swift in Sources */ = {isa = PBXBuildFile; fileRef = F2052FD81E88B8010068A97F /* ConstraintConfig.swift */; };
		F2052FFF1E88B8010068A97F /* ConstraintConstantTarget.swift in Sources */ = {isa = PBXBuildFile; fileRef = F2052FD91E88B8010068A97F /* ConstraintConstantTarget.swift */; };
		F20530001E88B8010068A97F /* ConstraintConstantTarget.swift in Sources */ = {isa = PBXBuildFile; fileRef = F2052FD91E88B8010068A97F /* ConstraintConstantTarget.swift */; };
		F20530011E88B8010068A97F /* ConstraintDescription.swift in Sources */ = {isa = PBXBuildFile; fileRef = F2052FDA1E88B8010068A97F /* ConstraintDescription.swift */; };
		F20530021E88B8010068A97F /* ConstraintDescription.swift in Sources */ = {isa = PBXBuildFile; fileRef = F2052FDA1E88B8010068A97F /* ConstraintDescription.swift */; };
		F20530031E88B8010068A97F /* ConstraintDSL.swift in Sources */ = {isa = PBXBuildFile; fileRef = F2052FDB1E88B8010068A97F /* ConstraintDSL.swift */; };
		F20530041E88B8010068A97F /* ConstraintDSL.swift in Sources */ = {isa = PBXBuildFile; fileRef = F2052FDB1E88B8010068A97F /* ConstraintDSL.swift */; };
		F20530051E88B8010068A97F /* ConstraintInsets.swift in Sources */ = {isa = PBXBuildFile; fileRef = F2052FDC1E88B8010068A97F /* ConstraintInsets.swift */; };
		F20530061E88B8010068A97F /* ConstraintInsets.swift in Sources */ = {isa = PBXBuildFile; fileRef = F2052FDC1E88B8010068A97F /* ConstraintInsets.swift */; };
		F20530071E88B8010068A97F /* ConstraintInsetTarget.swift in Sources */ = {isa = PBXBuildFile; fileRef = F2052FDD1E88B8010068A97F /* ConstraintInsetTarget.swift */; };
		F20530081E88B8010068A97F /* ConstraintInsetTarget.swift in Sources */ = {isa = PBXBuildFile; fileRef = F2052FDD1E88B8010068A97F /* ConstraintInsetTarget.swift */; };
		F20530091E88B8010068A97F /* ConstraintItem.swift in Sources */ = {isa = PBXBuildFile; fileRef = F2052FDE1E88B8010068A97F /* ConstraintItem.swift */; };
		F205300A1E88B8010068A97F /* ConstraintItem.swift in Sources */ = {isa = PBXBuildFile; fileRef = F2052FDE1E88B8010068A97F /* ConstraintItem.swift */; };
		F205300B1E88B8010068A97F /* ConstraintLayoutGuide+Extensions.swift in Sources */ = {isa = PBXBuildFile; fileRef = F2052FDF1E88B8010068A97F /* ConstraintLayoutGuide+Extensions.swift */; };
		F205300C1E88B8010068A97F /* ConstraintLayoutGuide+Extensions.swift in Sources */ = {isa = PBXBuildFile; fileRef = F2052FDF1E88B8010068A97F /* ConstraintLayoutGuide+Extensions.swift */; };
		F205300D1E88B8010068A97F /* ConstraintLayoutGuide.swift in Sources */ = {isa = PBXBuildFile; fileRef = F2052FE01E88B8010068A97F /* ConstraintLayoutGuide.swift */; };
		F205300E1E88B8010068A97F /* ConstraintLayoutGuide.swift in Sources */ = {isa = PBXBuildFile; fileRef = F2052FE01E88B8010068A97F /* ConstraintLayoutGuide.swift */; };
		F205300F1E88B8010068A97F /* ConstraintLayoutGuideDSL.swift in Sources */ = {isa = PBXBuildFile; fileRef = F2052FE11E88B8010068A97F /* ConstraintLayoutGuideDSL.swift */; };
		F20530101E88B8010068A97F /* ConstraintLayoutGuideDSL.swift in Sources */ = {isa = PBXBuildFile; fileRef = F2052FE11E88B8010068A97F /* ConstraintLayoutGuideDSL.swift */; };
		F20530111E88B8010068A97F /* ConstraintLayoutSupport.swift in Sources */ = {isa = PBXBuildFile; fileRef = F2052FE21E88B8010068A97F /* ConstraintLayoutSupport.swift */; };
		F20530121E88B8010068A97F /* ConstraintLayoutSupport.swift in Sources */ = {isa = PBXBuildFile; fileRef = F2052FE21E88B8010068A97F /* ConstraintLayoutSupport.swift */; };
		F20530131E88B8010068A97F /* ConstraintLayoutSupportDSL.swift in Sources */ = {isa = PBXBuildFile; fileRef = F2052FE31E88B8010068A97F /* ConstraintLayoutSupportDSL.swift */; };
		F20530141E88B8010068A97F /* ConstraintLayoutSupportDSL.swift in Sources */ = {isa = PBXBuildFile; fileRef = F2052FE31E88B8010068A97F /* ConstraintLayoutSupportDSL.swift */; };
		F20530151E88B8010068A97F /* ConstraintMaker.swift in Sources */ = {isa = PBXBuildFile; fileRef = F2052FE41E88B8010068A97F /* ConstraintMaker.swift */; };
		F20530161E88B8010068A97F /* ConstraintMaker.swift in Sources */ = {isa = PBXBuildFile; fileRef = F2052FE41E88B8010068A97F /* ConstraintMaker.swift */; };
		F20530171E88B8010068A97F /* ConstraintMakerEditable.swift in Sources */ = {isa = PBXBuildFile; fileRef = F2052FE51E88B8010068A97F /* ConstraintMakerEditable.swift */; };
		F20530181E88B8010068A97F /* ConstraintMakerEditable.swift in Sources */ = {isa = PBXBuildFile; fileRef = F2052FE51E88B8010068A97F /* ConstraintMakerEditable.swift */; };
		F20530191E88B8010068A97F /* ConstraintMakerExtendable.swift in Sources */ = {isa = PBXBuildFile; fileRef = F2052FE61E88B8010068A97F /* ConstraintMakerExtendable.swift */; };
		F205301A1E88B8010068A97F /* ConstraintMakerExtendable.swift in Sources */ = {isa = PBXBuildFile; fileRef = F2052FE61E88B8010068A97F /* ConstraintMakerExtendable.swift */; };
		F205301B1E88B8010068A97F /* ConstraintMakerFinalizable.swift in Sources */ = {isa = PBXBuildFile; fileRef = F2052FE71E88B8010068A97F /* ConstraintMakerFinalizable.swift */; };
		F205301C1E88B8010068A97F /* ConstraintMakerFinalizable.swift in Sources */ = {isa = PBXBuildFile; fileRef = F2052FE71E88B8010068A97F /* ConstraintMakerFinalizable.swift */; };
		F205301D1E88B8010068A97F /* ConstraintMakerPriortizable.swift in Sources */ = {isa = PBXBuildFile; fileRef = F2052FE81E88B8010068A97F /* ConstraintMakerPriortizable.swift */; };
		F205301E1E88B8010068A97F /* ConstraintMakerPriortizable.swift in Sources */ = {isa = PBXBuildFile; fileRef = F2052FE81E88B8010068A97F /* ConstraintMakerPriortizable.swift */; };
		F205301F1E88B8010068A97F /* ConstraintMakerRelatable.swift in Sources */ = {isa = PBXBuildFile; fileRef = F2052FE91E88B8010068A97F /* ConstraintMakerRelatable.swift */; };
		F20530201E88B8010068A97F /* ConstraintMakerRelatable.swift in Sources */ = {isa = PBXBuildFile; fileRef = F2052FE91E88B8010068A97F /* ConstraintMakerRelatable.swift */; };
		F20530211E88B8010068A97F /* ConstraintMultiplierTarget.swift in Sources */ = {isa = PBXBuildFile; fileRef = F2052FEA1E88B8010068A97F /* ConstraintMultiplierTarget.swift */; };
		F20530221E88B8010068A97F /* ConstraintMultiplierTarget.swift in Sources */ = {isa = PBXBuildFile; fileRef = F2052FEA1E88B8010068A97F /* ConstraintMultiplierTarget.swift */; };
		F20530231E88B8010068A97F /* ConstraintOffsetTarget.swift in Sources */ = {isa = PBXBuildFile; fileRef = F2052FEB1E88B8010068A97F /* ConstraintOffsetTarget.swift */; };
		F20530241E88B8010068A97F /* ConstraintOffsetTarget.swift in Sources */ = {isa = PBXBuildFile; fileRef = F2052FEB1E88B8010068A97F /* ConstraintOffsetTarget.swift */; };
		F20530251E88B8010068A97F /* ConstraintPriority.swift in Sources */ = {isa = PBXBuildFile; fileRef = F2052FEC1E88B8010068A97F /* ConstraintPriority.swift */; };
		F20530261E88B8010068A97F /* ConstraintPriority.swift in Sources */ = {isa = PBXBuildFile; fileRef = F2052FEC1E88B8010068A97F /* ConstraintPriority.swift */; };
		F20530271E88B8010068A97F /* ConstraintPriorityTarget.swift in Sources */ = {isa = PBXBuildFile; fileRef = F2052FED1E88B8010068A97F /* ConstraintPriorityTarget.swift */; };
		F20530281E88B8010068A97F /* ConstraintPriorityTarget.swift in Sources */ = {isa = PBXBuildFile; fileRef = F2052FED1E88B8010068A97F /* ConstraintPriorityTarget.swift */; };
		F20530291E88B8010068A97F /* ConstraintRelatableTarget.swift in Sources */ = {isa = PBXBuildFile; fileRef = F2052FEE1E88B8010068A97F /* ConstraintRelatableTarget.swift */; };
		F205302A1E88B8010068A97F /* ConstraintRelatableTarget.swift in Sources */ = {isa = PBXBuildFile; fileRef = F2052FEE1E88B8010068A97F /* ConstraintRelatableTarget.swift */; };
		F205302B1E88B8010068A97F /* ConstraintRelation.swift in Sources */ = {isa = PBXBuildFile; fileRef = F2052FEF1E88B8010068A97F /* ConstraintRelation.swift */; };
		F205302C1E88B8010068A97F /* ConstraintRelation.swift in Sources */ = {isa = PBXBuildFile; fileRef = F2052FEF1E88B8010068A97F /* ConstraintRelation.swift */; };
		F205302D1E88B8010068A97F /* ConstraintView+Extensions.swift in Sources */ = {isa = PBXBuildFile; fileRef = F2052FF01E88B8010068A97F /* ConstraintView+Extensions.swift */; };
		F205302E1E88B8010068A97F /* ConstraintView+Extensions.swift in Sources */ = {isa = PBXBuildFile; fileRef = F2052FF01E88B8010068A97F /* ConstraintView+Extensions.swift */; };
		F205302F1E88B8010068A97F /* ConstraintView.swift in Sources */ = {isa = PBXBuildFile; fileRef = F2052FF11E88B8010068A97F /* ConstraintView.swift */; };
		F20530301E88B8010068A97F /* ConstraintView.swift in Sources */ = {isa = PBXBuildFile; fileRef = F2052FF11E88B8010068A97F /* ConstraintView.swift */; };
		F20530311E88B8010068A97F /* ConstraintViewDSL.swift in Sources */ = {isa = PBXBuildFile; fileRef = F2052FF21E88B8010068A97F /* ConstraintViewDSL.swift */; };
		F20530321E88B8010068A97F /* ConstraintViewDSL.swift in Sources */ = {isa = PBXBuildFile; fileRef = F2052FF21E88B8010068A97F /* ConstraintViewDSL.swift */; };
		F20530331E88B8010068A97F /* Debugging.swift in Sources */ = {isa = PBXBuildFile; fileRef = F2052FF31E88B8010068A97F /* Debugging.swift */; };
		F20530341E88B8010068A97F /* Debugging.swift in Sources */ = {isa = PBXBuildFile; fileRef = F2052FF31E88B8010068A97F /* Debugging.swift */; };
		F20530351E88B8010068A97F /* Info.plist in Resources */ = {isa = PBXBuildFile; fileRef = F2052FF41E88B8010068A97F /* Info.plist */; };
		F20530361E88B8010068A97F /* Info.plist in Resources */ = {isa = PBXBuildFile; fileRef = F2052FF41E88B8010068A97F /* Info.plist */; };
		F20530371E88B8010068A97F /* LayoutConstraint.swift in Sources */ = {isa = PBXBuildFile; fileRef = F2052FF51E88B8010068A97F /* LayoutConstraint.swift */; };
		F20530381E88B8010068A97F /* LayoutConstraint.swift in Sources */ = {isa = PBXBuildFile; fileRef = F2052FF51E88B8010068A97F /* LayoutConstraint.swift */; };
		F20530391E88B8010068A97F /* LayoutConstraintItem.swift in Sources */ = {isa = PBXBuildFile; fileRef = F2052FF61E88B8010068A97F /* LayoutConstraintItem.swift */; };
		F205303A1E88B8010068A97F /* LayoutConstraintItem.swift in Sources */ = {isa = PBXBuildFile; fileRef = F2052FF61E88B8010068A97F /* LayoutConstraintItem.swift */; };
		F205303B1E88B8010068A97F /* UILayoutSupport+Extensions.swift in Sources */ = {isa = PBXBuildFile; fileRef = F2052FF81E88B8010068A97F /* UILayoutSupport+Extensions.swift */; };
		F205303C1E88B8010068A97F /* UILayoutSupport+Extensions.swift in Sources */ = {isa = PBXBuildFile; fileRef = F2052FF81E88B8010068A97F /* UILayoutSupport+Extensions.swift */; };
		F205303E1E88C3590068A97F /* WIFI3@2x.png in Resources */ = {isa = PBXBuildFile; fileRef = F205303D1E88C3590068A97F /* WIFI3@2x.png */; };
		F205303F1E88C3590068A97F /* WIFI3@2x.png in Resources */ = {isa = PBXBuildFile; fileRef = F205303D1E88C3590068A97F /* WIFI3@2x.png */; };
		F20E5F8B1DF53D0D0069088D /* NotificationCenter.framework in Frameworks */ = {isa = PBXBuildFile; fileRef = F20E5F8A1DF53D0D0069088D /* NotificationCenter.framework */; };
		F20E5F8E1DF53D0D0069088D /* TodayViewController.swift in Sources */ = {isa = PBXBuildFile; fileRef = F20E5F8D1DF53D0D0069088D /* TodayViewController.swift */; };
		F20E5F911DF53D0D0069088D /* MainInterface.storyboard in Resources */ = {isa = PBXBuildFile; fileRef = F20E5F8F1DF53D0D0069088D /* MainInterface.storyboard */; };
		F20E5F951DF53D0D0069088D /* MemoryReview.appex in Embed App Extensions */ = {isa = PBXBuildFile; fileRef = F20E5F881DF53D0D0069088D /* MemoryReview.appex */; settings = {ATTRIBUTES = (RemoveHeadersOnCopy, ); }; };
		F21FAA071DEEDD28007576F5 /* AppDelegate.swift in Sources */ = {isa = PBXBuildFile; fileRef = F21FAA061DEEDD28007576F5 /* AppDelegate.swift */; };
		F21FAA091DEEDD28007576F5 /* ViewController.swift in Sources */ = {isa = PBXBuildFile; fileRef = F21FAA081DEEDD28007576F5 /* ViewController.swift */; };
		F21FAA0C1DEEDD28007576F5 /* Main.storyboard in Resources */ = {isa = PBXBuildFile; fileRef = F21FAA0A1DEEDD28007576F5 /* Main.storyboard */; };
		F21FAA0E1DEEDD28007576F5 /* Assets.xcassets in Resources */ = {isa = PBXBuildFile; fileRef = F21FAA0D1DEEDD28007576F5 /* Assets.xcassets */; };
		F21FAA111DEEDD28007576F5 /* LaunchScreen.storyboard in Resources */ = {isa = PBXBuildFile; fileRef = F21FAA0F1DEEDD28007576F5 /* LaunchScreen.storyboard */; };
		F22B732D1E88FB18001301F7 /* WIFI1@2x.png in Resources */ = {isa = PBXBuildFile; fileRef = F22B732C1E88FB18001301F7 /* WIFI1@2x.png */; };
		F28F61AC1E88F85700D333D4 /* WIFI2@2x.png in Resources */ = {isa = PBXBuildFile; fileRef = F28F61AB1E88F85700D333D4 /* WIFI2@2x.png */; };
/* End PBXBuildFile section */

/* Begin PBXContainerItemProxy section */
		F20E5F931DF53D0D0069088D /* PBXContainerItemProxy */ = {
			isa = PBXContainerItemProxy;
			containerPortal = F21FA9FB1DEEDD28007576F5 /* Project object */;
			proxyType = 1;
			remoteGlobalIDString = F20E5F871DF53D0D0069088D;
			remoteInfo = MemoryReview;
		};
/* End PBXContainerItemProxy section */

/* Begin PBXCopyFilesBuildPhase section */
		F20E5F991DF53D0D0069088D /* Embed App Extensions */ = {
			isa = PBXCopyFilesBuildPhase;
			buildActionMask = 2147483647;
			dstPath = "";
			dstSubfolderSpec = 13;
			files = (
				F20E5F951DF53D0D0069088D /* MemoryReview.appex in Embed App Extensions */,
			);
			name = "Embed App Extensions";
			runOnlyForDeploymentPostprocessing = 0;
		};
/* End PBXCopyFilesBuildPhase section */

/* Begin PBXFileReference section */
		6E20E71E1EEFC552007F2884 /* NetSpeedConvert.swift */ = {isa = PBXFileReference; lastKnownFileType = sourcecode.swift; path = NetSpeedConvert.swift; sourceTree = "<group>"; };
		6E766CEE1EFCE06B00C62CED /* ReachabilityManager.swift */ = {isa = PBXFileReference; lastKnownFileType = sourcecode.swift; path = ReachabilityManager.swift; sourceTree = "<group>"; };
		6E766CEF1EFCE06B00C62CED /* MemoryCaculate.h */ = {isa = PBXFileReference; lastKnownFileType = sourcecode.c.h; path = MemoryCaculate.h; sourceTree = "<group>"; };
		6E766CF01EFCE06B00C62CED /* DiskSpaceCaculate.swift */ = {isa = PBXFileReference; lastKnownFileType = sourcecode.swift; path = DiskSpaceCaculate.swift; sourceTree = "<group>"; };
		6E766CF11EFCE06B00C62CED /* NetSpeedCaculate.m */ = {isa = PBXFileReference; lastKnownFileType = sourcecode.c.objc; path = NetSpeedCaculate.m; sourceTree = "<group>"; };
		6E766CF21EFCE06B00C62CED /* CurrentWIFIManager.swift */ = {isa = PBXFileReference; lastKnownFileType = sourcecode.swift; path = CurrentWIFIManager.swift; sourceTree = "<group>"; };
		6E766CF31EFCE06B00C62CED /* MemoryCaculate.m */ = {isa = PBXFileReference; lastKnownFileType = sourcecode.c.objc; path = MemoryCaculate.m; sourceTree = "<group>"; };
		6E766CF41EFCE06B00C62CED /* DRHistogramView.swift */ = {isa = PBXFileReference; lastKnownFileType = sourcecode.swift; path = DRHistogramView.swift; sourceTree = "<group>"; };
		6E766CF51EFCE06B00C62CED /* NetSpeedCaculate.h */ = {isa = PBXFileReference; lastKnownFileType = sourcecode.c.h; path = NetSpeedCaculate.h; sourceTree = "<group>"; };
		6E869CD61EFD307C00D728F8 /* set_down@3x.png */ = {isa = PBXFileReference; lastKnownFileType = image.png; path = "set_down@3x.png"; sourceTree = "<group>"; };
		6E869CD71EFD307C00D728F8 /* set_down@2x.png */ = {isa = PBXFileReference; lastKnownFileType = image.png; path = "set_down@2x.png"; sourceTree = "<group>"; };
		6E869CD81EFD307C00D728F8 /* set_up@3x.png */ = {isa = PBXFileReference; lastKnownFileType = image.png; path = "set_up@3x.png"; sourceTree = "<group>"; };
		6E869CD91EFD307C00D728F8 /* set_up@2x.png */ = {isa = PBXFileReference; lastKnownFileType = image.png; path = "set_up@2x.png"; sourceTree = "<group>"; };
		6E92722B1EFCEAC700C54682 /* BgProgressViewCell.swift */ = {isa = PBXFileReference; lastKnownFileType = sourcecode.swift; path = BgProgressViewCell.swift; sourceTree = "<group>"; };
		6E9272331EFD031000C54682 /* set_wifi@3x.png */ = {isa = PBXFileReference; lastKnownFileType = image.png; path = "set_wifi@3x.png"; sourceTree = "<group>"; };
		6E9272341EFD031000C54682 /* set_wifi@2x.png */ = {isa = PBXFileReference; lastKnownFileType = image.png; path = "set_wifi@2x.png"; sourceTree = "<group>"; };
		6E92723F1EFD05C000C54682 /* set_ram@2x.png */ = {isa = PBXFileReference; lastKnownFileType = image.png; path = "set_ram@2x.png"; sourceTree = "<group>"; };
		6E9272401EFD05C000C54682 /* set_ram@3x.png */ = {isa = PBXFileReference; lastKnownFileType = image.png; path = "set_ram@3x.png"; sourceTree = "<group>"; };
		6E92724B1EFD0CB900C54682 /* set_mem@3x.png */ = {isa = PBXFileReference; lastKnownFileType = image.png; path = "set_mem@3x.png"; sourceTree = "<group>"; };
		6E92724C1EFD0CB900C54682 /* set_mem@2x.png */ = {isa = PBXFileReference; lastKnownFileType = image.png; path = "set_mem@2x.png"; sourceTree = "<group>"; };
		6ED8ABB71EFA79390001BEED /* cellular@2x.png */ = {isa = PBXFileReference; lastKnownFileType = image.png; path = "cellular@2x.png"; sourceTree = "<group>"; };
		6ED8ABB81EFA79390001BEED /* cellular@3x.png */ = {isa = PBXFileReference; lastKnownFileType = image.png; path = "cellular@3x.png"; sourceTree = "<group>"; };
		6EECE09E1EEF87E70014F6D9 /* upspeed@2x.png */ = {isa = PBXFileReference; lastKnownFileType = image.png; path = "upspeed@2x.png"; sourceTree = "<group>"; };
		6EECE09F1EEF87E70014F6D9 /* dspeed@3x.png */ = {isa = PBXFileReference; lastKnownFileType = image.png; path = "dspeed@3x.png"; sourceTree = "<group>"; };
		6EECE0A01EEF87E70014F6D9 /* dspeed@2x.png */ = {isa = PBXFileReference; lastKnownFileType = image.png; path = "dspeed@2x.png"; sourceTree = "<group>"; };
		6EECE0A11EEF87E70014F6D9 /* upspeed@3x.png */ = {isa = PBXFileReference; lastKnownFileType = image.png; path = "upspeed@3x.png"; sourceTree = "<group>"; };
		6EFF1E1F1EEFBC340006A2E3 /* Reachability.swift */ = {isa = PBXFileReference; lastKnownFileType = sourcecode.swift; path = Reachability.swift; sourceTree = "<group>"; };
		F2052FD61E88B8010068A97F /* Constraint.swift */ = {isa = PBXFileReference; fileEncoding = 4; lastKnownFileType = sourcecode.swift; path = Constraint.swift; sourceTree = "<group>"; };
		F2052FD71E88B8010068A97F /* ConstraintAttributes.swift */ = {isa = PBXFileReference; fileEncoding = 4; lastKnownFileType = sourcecode.swift; path = ConstraintAttributes.swift; sourceTree = "<group>"; };
		F2052FD81E88B8010068A97F /* ConstraintConfig.swift */ = {isa = PBXFileReference; fileEncoding = 4; lastKnownFileType = sourcecode.swift; path = ConstraintConfig.swift; sourceTree = "<group>"; };
		F2052FD91E88B8010068A97F /* ConstraintConstantTarget.swift */ = {isa = PBXFileReference; fileEncoding = 4; lastKnownFileType = sourcecode.swift; path = ConstraintConstantTarget.swift; sourceTree = "<group>"; };
		F2052FDA1E88B8010068A97F /* ConstraintDescription.swift */ = {isa = PBXFileReference; fileEncoding = 4; lastKnownFileType = sourcecode.swift; path = ConstraintDescription.swift; sourceTree = "<group>"; };
		F2052FDB1E88B8010068A97F /* ConstraintDSL.swift */ = {isa = PBXFileReference; fileEncoding = 4; lastKnownFileType = sourcecode.swift; path = ConstraintDSL.swift; sourceTree = "<group>"; };
		F2052FDC1E88B8010068A97F /* ConstraintInsets.swift */ = {isa = PBXFileReference; fileEncoding = 4; lastKnownFileType = sourcecode.swift; path = ConstraintInsets.swift; sourceTree = "<group>"; };
		F2052FDD1E88B8010068A97F /* ConstraintInsetTarget.swift */ = {isa = PBXFileReference; fileEncoding = 4; lastKnownFileType = sourcecode.swift; path = ConstraintInsetTarget.swift; sourceTree = "<group>"; };
		F2052FDE1E88B8010068A97F /* ConstraintItem.swift */ = {isa = PBXFileReference; fileEncoding = 4; lastKnownFileType = sourcecode.swift; path = ConstraintItem.swift; sourceTree = "<group>"; };
		F2052FDF1E88B8010068A97F /* ConstraintLayoutGuide+Extensions.swift */ = {isa = PBXFileReference; fileEncoding = 4; lastKnownFileType = sourcecode.swift; path = "ConstraintLayoutGuide+Extensions.swift"; sourceTree = "<group>"; };
		F2052FE01E88B8010068A97F /* ConstraintLayoutGuide.swift */ = {isa = PBXFileReference; fileEncoding = 4; lastKnownFileType = sourcecode.swift; path = ConstraintLayoutGuide.swift; sourceTree = "<group>"; };
		F2052FE11E88B8010068A97F /* ConstraintLayoutGuideDSL.swift */ = {isa = PBXFileReference; fileEncoding = 4; lastKnownFileType = sourcecode.swift; path = ConstraintLayoutGuideDSL.swift; sourceTree = "<group>"; };
		F2052FE21E88B8010068A97F /* ConstraintLayoutSupport.swift */ = {isa = PBXFileReference; fileEncoding = 4; lastKnownFileType = sourcecode.swift; path = ConstraintLayoutSupport.swift; sourceTree = "<group>"; };
		F2052FE31E88B8010068A97F /* ConstraintLayoutSupportDSL.swift */ = {isa = PBXFileReference; fileEncoding = 4; lastKnownFileType = sourcecode.swift; path = ConstraintLayoutSupportDSL.swift; sourceTree = "<group>"; };
		F2052FE41E88B8010068A97F /* ConstraintMaker.swift */ = {isa = PBXFileReference; fileEncoding = 4; lastKnownFileType = sourcecode.swift; path = ConstraintMaker.swift; sourceTree = "<group>"; };
		F2052FE51E88B8010068A97F /* ConstraintMakerEditable.swift */ = {isa = PBXFileReference; fileEncoding = 4; lastKnownFileType = sourcecode.swift; path = ConstraintMakerEditable.swift; sourceTree = "<group>"; };
		F2052FE61E88B8010068A97F /* ConstraintMakerExtendable.swift */ = {isa = PBXFileReference; fileEncoding = 4; lastKnownFileType = sourcecode.swift; path = ConstraintMakerExtendable.swift; sourceTree = "<group>"; };
		F2052FE71E88B8010068A97F /* ConstraintMakerFinalizable.swift */ = {isa = PBXFileReference; fileEncoding = 4; lastKnownFileType = sourcecode.swift; path = ConstraintMakerFinalizable.swift; sourceTree = "<group>"; };
		F2052FE81E88B8010068A97F /* ConstraintMakerPriortizable.swift */ = {isa = PBXFileReference; fileEncoding = 4; lastKnownFileType = sourcecode.swift; path = ConstraintMakerPriortizable.swift; sourceTree = "<group>"; };
		F2052FE91E88B8010068A97F /* ConstraintMakerRelatable.swift */ = {isa = PBXFileReference; fileEncoding = 4; lastKnownFileType = sourcecode.swift; path = ConstraintMakerRelatable.swift; sourceTree = "<group>"; };
		F2052FEA1E88B8010068A97F /* ConstraintMultiplierTarget.swift */ = {isa = PBXFileReference; fileEncoding = 4; lastKnownFileType = sourcecode.swift; path = ConstraintMultiplierTarget.swift; sourceTree = "<group>"; };
		F2052FEB1E88B8010068A97F /* ConstraintOffsetTarget.swift */ = {isa = PBXFileReference; fileEncoding = 4; lastKnownFileType = sourcecode.swift; path = ConstraintOffsetTarget.swift; sourceTree = "<group>"; };
		F2052FEC1E88B8010068A97F /* ConstraintPriority.swift */ = {isa = PBXFileReference; fileEncoding = 4; lastKnownFileType = sourcecode.swift; path = ConstraintPriority.swift; sourceTree = "<group>"; };
		F2052FED1E88B8010068A97F /* ConstraintPriorityTarget.swift */ = {isa = PBXFileReference; fileEncoding = 4; lastKnownFileType = sourcecode.swift; path = ConstraintPriorityTarget.swift; sourceTree = "<group>"; };
		F2052FEE1E88B8010068A97F /* ConstraintRelatableTarget.swift */ = {isa = PBXFileReference; fileEncoding = 4; lastKnownFileType = sourcecode.swift; path = ConstraintRelatableTarget.swift; sourceTree = "<group>"; };
		F2052FEF1E88B8010068A97F /* ConstraintRelation.swift */ = {isa = PBXFileReference; fileEncoding = 4; lastKnownFileType = sourcecode.swift; path = ConstraintRelation.swift; sourceTree = "<group>"; };
		F2052FF01E88B8010068A97F /* ConstraintView+Extensions.swift */ = {isa = PBXFileReference; fileEncoding = 4; lastKnownFileType = sourcecode.swift; path = "ConstraintView+Extensions.swift"; sourceTree = "<group>"; };
		F2052FF11E88B8010068A97F /* ConstraintView.swift */ = {isa = PBXFileReference; fileEncoding = 4; lastKnownFileType = sourcecode.swift; path = ConstraintView.swift; sourceTree = "<group>"; };
		F2052FF21E88B8010068A97F /* ConstraintViewDSL.swift */ = {isa = PBXFileReference; fileEncoding = 4; lastKnownFileType = sourcecode.swift; path = ConstraintViewDSL.swift; sourceTree = "<group>"; };
		F2052FF31E88B8010068A97F /* Debugging.swift */ = {isa = PBXFileReference; fileEncoding = 4; lastKnownFileType = sourcecode.swift; path = Debugging.swift; sourceTree = "<group>"; };
		F2052FF41E88B8010068A97F /* Info.plist */ = {isa = PBXFileReference; fileEncoding = 4; lastKnownFileType = text.plist.xml; path = Info.plist; sourceTree = "<group>"; };
		F2052FF51E88B8010068A97F /* LayoutConstraint.swift */ = {isa = PBXFileReference; fileEncoding = 4; lastKnownFileType = sourcecode.swift; path = LayoutConstraint.swift; sourceTree = "<group>"; };
		F2052FF61E88B8010068A97F /* LayoutConstraintItem.swift */ = {isa = PBXFileReference; fileEncoding = 4; lastKnownFileType = sourcecode.swift; path = LayoutConstraintItem.swift; sourceTree = "<group>"; };
		F2052FF71E88B8010068A97F /* SnapKit.h */ = {isa = PBXFileReference; fileEncoding = 4; lastKnownFileType = sourcecode.c.h; path = SnapKit.h; sourceTree = "<group>"; };
		F2052FF81E88B8010068A97F /* UILayoutSupport+Extensions.swift */ = {isa = PBXFileReference; fileEncoding = 4; lastKnownFileType = sourcecode.swift; path = "UILayoutSupport+Extensions.swift"; sourceTree = "<group>"; };
		F205303D1E88C3590068A97F /* WIFI3@2x.png */ = {isa = PBXFileReference; lastKnownFileType = image.png; path = "WIFI3@2x.png"; sourceTree = "<group>"; };
		F20E5F881DF53D0D0069088D /* MemoryReview.appex */ = {isa = PBXFileReference; explicitFileType = "wrapper.app-extension"; includeInIndex = 0; path = MemoryReview.appex; sourceTree = BUILT_PRODUCTS_DIR; };
		F20E5F8A1DF53D0D0069088D /* NotificationCenter.framework */ = {isa = PBXFileReference; lastKnownFileType = wrapper.framework; name = NotificationCenter.framework; path = System/Library/Frameworks/NotificationCenter.framework; sourceTree = SDKROOT; };
		F20E5F8D1DF53D0D0069088D /* TodayViewController.swift */ = {isa = PBXFileReference; lastKnownFileType = sourcecode.swift; path = TodayViewController.swift; sourceTree = "<group>"; };
		F20E5F901DF53D0D0069088D /* Base */ = {isa = PBXFileReference; lastKnownFileType = file.storyboard; name = Base; path = Base.lproj/MainInterface.storyboard; sourceTree = "<group>"; };
		F20E5F921DF53D0D0069088D /* Info.plist */ = {isa = PBXFileReference; lastKnownFileType = text.plist.xml; path = Info.plist; sourceTree = "<group>"; };
		F20E5F9A1DF53D3C0069088D /* DRHistogramViewExample.entitlements */ = {isa = PBXFileReference; lastKnownFileType = text.plist.entitlements; path = DRHistogramViewExample.entitlements; sourceTree = "<group>"; };
		F20E5F9B1DF53D690069088D /* MemoryReview.entitlements */ = {isa = PBXFileReference; lastKnownFileType = text.plist.entitlements; path = MemoryReview.entitlements; sourceTree = "<group>"; };
		F21FAA031DEEDD28007576F5 /* DRHistogramViewExample.app */ = {isa = PBXFileReference; explicitFileType = wrapper.application; includeInIndex = 0; path = DRHistogramViewExample.app; sourceTree = BUILT_PRODUCTS_DIR; };
		F21FAA061DEEDD28007576F5 /* AppDelegate.swift */ = {isa = PBXFileReference; lastKnownFileType = sourcecode.swift; path = AppDelegate.swift; sourceTree = "<group>"; };
		F21FAA081DEEDD28007576F5 /* ViewController.swift */ = {isa = PBXFileReference; lastKnownFileType = sourcecode.swift; path = ViewController.swift; sourceTree = "<group>"; };
		F21FAA0B1DEEDD28007576F5 /* Base */ = {isa = PBXFileReference; lastKnownFileType = file.storyboard; name = Base; path = Base.lproj/Main.storyboard; sourceTree = "<group>"; };
		F21FAA0D1DEEDD28007576F5 /* Assets.xcassets */ = {isa = PBXFileReference; lastKnownFileType = folder.assetcatalog; path = Assets.xcassets; sourceTree = "<group>"; };
		F21FAA101DEEDD28007576F5 /* Base */ = {isa = PBXFileReference; lastKnownFileType = file.storyboard; name = Base; path = Base.lproj/LaunchScreen.storyboard; sourceTree = "<group>"; };
		F21FAA121DEEDD28007576F5 /* Info.plist */ = {isa = PBXFileReference; lastKnownFileType = text.plist.xml; path = Info.plist; sourceTree = "<group>"; };
		F22B732C1E88FB18001301F7 /* WIFI1@2x.png */ = {isa = PBXFileReference; lastKnownFileType = image.png; path = "WIFI1@2x.png"; sourceTree = "<group>"; };
		F28F61AB1E88F85700D333D4 /* WIFI2@2x.png */ = {isa = PBXFileReference; lastKnownFileType = image.png; path = "WIFI2@2x.png"; sourceTree = "<group>"; };
		F2B1458F1DF7B08900798416 /* DRHistogramViewExample-Bridging-Header.h */ = {isa = PBXFileReference; lastKnownFileType = sourcecode.c.h; path = "DRHistogramViewExample-Bridging-Header.h"; sourceTree = "<group>"; };
/* End PBXFileReference section */

/* Begin PBXFrameworksBuildPhase section */
		F20E5F851DF53D0D0069088D /* Frameworks */ = {
			isa = PBXFrameworksBuildPhase;
			buildActionMask = 2147483647;
			files = (
				F20E5F8B1DF53D0D0069088D /* NotificationCenter.framework in Frameworks */,
			);
			runOnlyForDeploymentPostprocessing = 0;
		};
		F21FAA001DEEDD28007576F5 /* Frameworks */ = {
			isa = PBXFrameworksBuildPhase;
			buildActionMask = 2147483647;
			files = (
			);
			runOnlyForDeploymentPostprocessing = 0;
		};
/* End PBXFrameworksBuildPhase section */

/* Begin PBXGroup section */
		6E9272321EFD02FB00C54682 /* image */ = {
			isa = PBXGroup;
			children = (
				6E869CD71EFD307C00D728F8 /* set_down@2x.png */,
				6E869CD61EFD307C00D728F8 /* set_down@3x.png */,
				6E869CD91EFD307C00D728F8 /* set_up@2x.png */,
				6E869CD81EFD307C00D728F8 /* set_up@3x.png */,
				6E92724C1EFD0CB900C54682 /* set_mem@2x.png */,
				6E92724B1EFD0CB900C54682 /* set_mem@3x.png */,
				6E92723F1EFD05C000C54682 /* set_ram@2x.png */,
				6E9272401EFD05C000C54682 /* set_ram@3x.png */,
				6E9272341EFD031000C54682 /* set_wifi@2x.png */,
				6E9272331EFD031000C54682 /* set_wifi@3x.png */,
			);
			path = image;
			sourceTree = "<group>";
		};
		6EFF1E1E1EEFBC250006A2E3 /* Supports */ = {
			isa = PBXGroup;
			children = (
				6E766CF21EFCE06B00C62CED /* CurrentWIFIManager.swift */,
				6E766CF01EFCE06B00C62CED /* DiskSpaceCaculate.swift */,
				6E766CF41EFCE06B00C62CED /* DRHistogramView.swift */,
				6E766CEF1EFCE06B00C62CED /* MemoryCaculate.h */,
				6E766CF31EFCE06B00C62CED /* MemoryCaculate.m */,
				6E766CF51EFCE06B00C62CED /* NetSpeedCaculate.h */,
				6E766CF11EFCE06B00C62CED /* NetSpeedCaculate.m */,
				6E766CEE1EFCE06B00C62CED /* ReachabilityManager.swift */,
				6EFF1E1F1EEFBC340006A2E3 /* Reachability.swift */,
				6E20E71E1EEFC552007F2884 /* NetSpeedConvert.swift */,
				6E92722B1EFCEAC700C54682 /* BgProgressViewCell.swift */,
			);
			path = Supports;
			sourceTree = "<group>";
		};
		F2052FD51E88B8010068A97F /* Source */ = {
			isa = PBXGroup;
			children = (
				F2052FD61E88B8010068A97F /* Constraint.swift */,
				F2052FD71E88B8010068A97F /* ConstraintAttributes.swift */,
				F2052FD81E88B8010068A97F /* ConstraintConfig.swift */,
				F2052FD91E88B8010068A97F /* ConstraintConstantTarget.swift */,
				F2052FDA1E88B8010068A97F /* ConstraintDescription.swift */,
				F2052FDB1E88B8010068A97F /* ConstraintDSL.swift */,
				F2052FDC1E88B8010068A97F /* ConstraintInsets.swift */,
				F2052FDD1E88B8010068A97F /* ConstraintInsetTarget.swift */,
				F2052FDE1E88B8010068A97F /* ConstraintItem.swift */,
				F2052FDF1E88B8010068A97F /* ConstraintLayoutGuide+Extensions.swift */,
				F2052FE01E88B8010068A97F /* ConstraintLayoutGuide.swift */,
				F2052FE11E88B8010068A97F /* ConstraintLayoutGuideDSL.swift */,
				F2052FE21E88B8010068A97F /* ConstraintLayoutSupport.swift */,
				F2052FE31E88B8010068A97F /* ConstraintLayoutSupportDSL.swift */,
				F2052FE41E88B8010068A97F /* ConstraintMaker.swift */,
				F2052FE51E88B8010068A97F /* ConstraintMakerEditable.swift */,
				F2052FE61E88B8010068A97F /* ConstraintMakerExtendable.swift */,
				F2052FE71E88B8010068A97F /* ConstraintMakerFinalizable.swift */,
				F2052FE81E88B8010068A97F /* ConstraintMakerPriortizable.swift */,
				F2052FE91E88B8010068A97F /* ConstraintMakerRelatable.swift */,
				F2052FEA1E88B8010068A97F /* ConstraintMultiplierTarget.swift */,
				F2052FEB1E88B8010068A97F /* ConstraintOffsetTarget.swift */,
				F2052FEC1E88B8010068A97F /* ConstraintPriority.swift */,
				F2052FED1E88B8010068A97F /* ConstraintPriorityTarget.swift */,
				F2052FEE1E88B8010068A97F /* ConstraintRelatableTarget.swift */,
				F2052FEF1E88B8010068A97F /* ConstraintRelation.swift */,
				F2052FF01E88B8010068A97F /* ConstraintView+Extensions.swift */,
				F2052FF11E88B8010068A97F /* ConstraintView.swift */,
				F2052FF21E88B8010068A97F /* ConstraintViewDSL.swift */,
				F2052FF31E88B8010068A97F /* Debugging.swift */,
				F2052FF41E88B8010068A97F /* Info.plist */,
				F2052FF51E88B8010068A97F /* LayoutConstraint.swift */,
				F2052FF61E88B8010068A97F /* LayoutConstraintItem.swift */,
				F2052FF71E88B8010068A97F /* SnapKit.h */,
				F2052FF81E88B8010068A97F /* UILayoutSupport+Extensions.swift */,
			);
			path = Source;
			sourceTree = "<group>";
		};
		F20E5F891DF53D0D0069088D /* Frameworks */ = {
			isa = PBXGroup;
			children = (
				F20E5F8A1DF53D0D0069088D /* NotificationCenter.framework */,
			);
			name = Frameworks;
			sourceTree = "<group>";
		};
		F20E5F8C1DF53D0D0069088D /* MemoryReview */ = {
			isa = PBXGroup;
			children = (
				F20E5F9B1DF53D690069088D /* MemoryReview.entitlements */,
				F20E5F8D1DF53D0D0069088D /* TodayViewController.swift */,
				F20E5F8F1DF53D0D0069088D /* MainInterface.storyboard */,
				F20E5F921DF53D0D0069088D /* Info.plist */,
				6ED8ABB71EFA79390001BEED /* cellular@2x.png */,
				6ED8ABB81EFA79390001BEED /* cellular@3x.png */,
				6EECE0A01EEF87E70014F6D9 /* dspeed@2x.png */,
				6EECE09F1EEF87E70014F6D9 /* dspeed@3x.png */,
				6EECE09E1EEF87E70014F6D9 /* upspeed@2x.png */,
				6EECE0A11EEF87E70014F6D9 /* upspeed@3x.png */,
				F22B732C1E88FB18001301F7 /* WIFI1@2x.png */,
				F205303D1E88C3590068A97F /* WIFI3@2x.png */,
				F28F61AB1E88F85700D333D4 /* WIFI2@2x.png */,
			);
			path = MemoryReview;
			sourceTree = "<group>";
		};
		F21FA9FA1DEEDD28007576F5 = {
			isa = PBXGroup;
			children = (
				F21FAA051DEEDD28007576F5 /* DRHistogramViewExample */,
				F20E5F8C1DF53D0D0069088D /* MemoryReview */,
				F20E5F891DF53D0D0069088D /* Frameworks */,
				F21FAA041DEEDD28007576F5 /* Products */,
			);
			sourceTree = "<group>";
		};
		F21FAA041DEEDD28007576F5 /* Products */ = {
			isa = PBXGroup;
			children = (
				F21FAA031DEEDD28007576F5 /* DRHistogramViewExample.app */,
				F20E5F881DF53D0D0069088D /* MemoryReview.appex */,
			);
			name = Products;
			sourceTree = "<group>";
		};
		F21FAA051DEEDD28007576F5 /* DRHistogramViewExample */ = {
			isa = PBXGroup;
			children = (
				F20E5F9A1DF53D3C0069088D /* DRHistogramViewExample.entitlements */,
				F21FAA061DEEDD28007576F5 /* AppDelegate.swift */,
				F21FAA081DEEDD28007576F5 /* ViewController.swift */,
				F21FAA0A1DEEDD28007576F5 /* Main.storyboard */,
				F21FAA0D1DEEDD28007576F5 /* Assets.xcassets */,
				F21FAA0F1DEEDD28007576F5 /* LaunchScreen.storyboard */,
				F21FAA121DEEDD28007576F5 /* Info.plist */,
				F2B1458F1DF7B08900798416 /* DRHistogramViewExample-Bridging-Header.h */,
				6E9272321EFD02FB00C54682 /* image */,
				6EFF1E1E1EEFBC250006A2E3 /* Supports */,
				F2052FD51E88B8010068A97F /* Source */,
			);
			path = DRHistogramViewExample;
			sourceTree = "<group>";
		};
/* End PBXGroup section */

/* Begin PBXNativeTarget section */
		F20E5F871DF53D0D0069088D /* MemoryReview */ = {
			isa = PBXNativeTarget;
			buildConfigurationList = F20E5F981DF53D0D0069088D /* Build configuration list for PBXNativeTarget "MemoryReview" */;
			buildPhases = (
				F20E5F841DF53D0D0069088D /* Sources */,
				F20E5F851DF53D0D0069088D /* Frameworks */,
				F20E5F861DF53D0D0069088D /* Resources */,
			);
			buildRules = (
			);
			dependencies = (
			);
			name = MemoryReview;
			productName = MemoryReview;
			productReference = F20E5F881DF53D0D0069088D /* MemoryReview.appex */;
			productType = "com.apple.product-type.app-extension";
		};
		F21FAA021DEEDD28007576F5 /* DRHistogramViewExample */ = {
			isa = PBXNativeTarget;
			buildConfigurationList = F21FAA151DEEDD28007576F5 /* Build configuration list for PBXNativeTarget "DRHistogramViewExample" */;
			buildPhases = (
				F21FA9FF1DEEDD28007576F5 /* Sources */,
				F21FAA001DEEDD28007576F5 /* Frameworks */,
				F21FAA011DEEDD28007576F5 /* Resources */,
				F20E5F991DF53D0D0069088D /* Embed App Extensions */,
			);
			buildRules = (
			);
			dependencies = (
				F20E5F941DF53D0D0069088D /* PBXTargetDependency */,
			);
			name = DRHistogramViewExample;
			productName = DRHistogramViewExample;
			productReference = F21FAA031DEEDD28007576F5 /* DRHistogramViewExample.app */;
			productType = "com.apple.product-type.application";
		};
/* End PBXNativeTarget section */

/* Begin PBXProject section */
		F21FA9FB1DEEDD28007576F5 /* Project object */ = {
			isa = PBXProject;
			attributes = {
				LastSwiftUpdateCheck = 0800;
				LastUpgradeCheck = 0800;
				ORGANIZATIONNAME = xqzh;
				TargetAttributes = {
					F20E5F871DF53D0D0069088D = {
						CreatedOnToolsVersion = 8.0;
						DevelopmentTeam = R6223ZBKTR;
						LastSwiftMigration = 0900;
						ProvisioningStyle = Automatic;
						SystemCapabilities = {
							com.apple.ApplicationGroups.iOS = {
								enabled = 1;
							};
						};
					};
					F21FAA021DEEDD28007576F5 = {
						CreatedOnToolsVersion = 8.0;
						DevelopmentTeam = R6223ZBKTR;
						LastSwiftMigration = 0900;
						ProvisioningStyle = Automatic;
						SystemCapabilities = {
							com.apple.ApplicationGroups.iOS = {
								enabled = 1;
							};
						};
					};
				};
			};
			buildConfigurationList = F21FA9FE1DEEDD28007576F5 /* Build configuration list for PBXProject "DRHistogramViewExample" */;
			compatibilityVersion = "Xcode 3.2";
			developmentRegion = English;
			hasScannedForEncodings = 0;
			knownRegions = (
				en,
				Base,
			);
			mainGroup = F21FA9FA1DEEDD28007576F5;
			productRefGroup = F21FAA041DEEDD28007576F5 /* Products */;
			projectDirPath = "";
			projectRoot = "";
			targets = (
				F21FAA021DEEDD28007576F5 /* DRHistogramViewExample */,
				F20E5F871DF53D0D0069088D /* MemoryReview */,
			);
		};
/* End PBXProject section */

/* Begin PBXResourcesBuildPhase section */
		F20E5F861DF53D0D0069088D /* Resources */ = {
			isa = PBXResourcesBuildPhase;
			buildActionMask = 2147483647;
			files = (
				6E9272441EFD05C500C54682 /* set_ram@3x.png in Resources */,
				6E9272431EFD05C500C54682 /* set_ram@2x.png in Resources */,
				6E9272381EFD031500C54682 /* set_wifi@3x.png in Resources */,
				F205303F1E88C3590068A97F /* WIFI3@2x.png in Resources */,
				6EECE0A31EEF87E70014F6D9 /* upspeed@2x.png in Resources */,
				6E869CDE1EFD308300D728F8 /* set_down@2x.png in Resources */,
				6E92724D1EFD0CBD00C54682 /* set_mem@2x.png in Resources */,
				6E869CE11EFD308300D728F8 /* set_up@3x.png in Resources */,
				6E92724E1EFD0CBD00C54682 /* set_mem@3x.png in Resources */,
				6ED8ABBA1EFA79390001BEED /* cellular@2x.png in Resources */,
				6ED8ABBC1EFA79390001BEED /* cellular@3x.png in Resources */,
				6EECE0A91EEF87E70014F6D9 /* upspeed@3x.png in Resources */,
				F20530361E88B8010068A97F /* Info.plist in Resources */,
				6EECE0A51EEF87E70014F6D9 /* dspeed@3x.png in Resources */,
				F28F61AC1E88F85700D333D4 /* WIFI2@2x.png in Resources */,
				6E869CE01EFD308300D728F8 /* set_up@2x.png in Resources */,
				6E869CDF1EFD308300D728F8 /* set_down@3x.png in Resources */,
				F22B732D1E88FB18001301F7 /* WIFI1@2x.png in Resources */,
				F20E5F911DF53D0D0069088D /* MainInterface.storyboard in Resources */,
				6E9272371EFD031500C54682 /* set_wifi@2x.png in Resources */,
				6EECE0A71EEF87E70014F6D9 /* dspeed@2x.png in Resources */,
			);
			runOnlyForDeploymentPostprocessing = 0;
		};
		F21FAA011DEEDD28007576F5 /* Resources */ = {
			isa = PBXResourcesBuildPhase;
			buildActionMask = 2147483647;
			files = (
				6E9272421EFD05C500C54682 /* set_ram@3x.png in Resources */,
				6E9272411EFD05C500C54682 /* set_ram@2x.png in Resources */,
				6E9272361EFD031400C54682 /* set_wifi@3x.png in Resources */,
				F20530351E88B8010068A97F /* Info.plist in Resources */,
				6EECE0A21EEF87E70014F6D9 /* upspeed@2x.png in Resources */,
				6E869CDA1EFD308300D728F8 /* set_down@2x.png in Resources */,
				6E92724F1EFD0CBD00C54682 /* set_mem@2x.png in Resources */,
				6E869CDD1EFD308300D728F8 /* set_up@3x.png in Resources */,
				6E9272501EFD0CBD00C54682 /* set_mem@3x.png in Resources */,
				6ED8ABB91EFA79390001BEED /* cellular@2x.png in Resources */,
				6ED8ABBB1EFA79390001BEED /* cellular@3x.png in Resources */,
				6EECE0A81EEF87E70014F6D9 /* upspeed@3x.png in Resources */,
				F21FAA111DEEDD28007576F5 /* LaunchScreen.storyboard in Resources */,
				6EECE0A41EEF87E70014F6D9 /* dspeed@3x.png in Resources */,
				F205303E1E88C3590068A97F /* WIFI3@2x.png in Resources */,
				6E869CDC1EFD308300D728F8 /* set_up@2x.png in Resources */,
				6E869CDB1EFD308300D728F8 /* set_down@3x.png in Resources */,
				F21FAA0E1DEEDD28007576F5 /* Assets.xcassets in Resources */,
				F21FAA0C1DEEDD28007576F5 /* Main.storyboard in Resources */,
				6E9272351EFD031400C54682 /* set_wifi@2x.png in Resources */,
				6EECE0A61EEF87E70014F6D9 /* dspeed@2x.png in Resources */,
			);
			runOnlyForDeploymentPostprocessing = 0;
		};
/* End PBXResourcesBuildPhase section */

/* Begin PBXSourcesBuildPhase section */
		F20E5F841DF53D0D0069088D /* Sources */ = {
			isa = PBXSourcesBuildPhase;
			buildActionMask = 2147483647;
			files = (
				F20530081E88B8010068A97F /* ConstraintInsetTarget.swift in Sources */,
				6E766CF61EFCE07100C62CED /* CurrentWIFIManager.swift in Sources */,
				F20530201E88B8010068A97F /* ConstraintMakerRelatable.swift in Sources */,
				F20530281E88B8010068A97F /* ConstraintPriorityTarget.swift in Sources */,
				F205300A1E88B8010068A97F /* ConstraintItem.swift in Sources */,
				6E766CFA1EFCE07A00C62CED /* DiskSpaceCaculate.swift in Sources */,
				F20530381E88B8010068A97F /* LayoutConstraint.swift in Sources */,
				F20530241E88B8010068A97F /* ConstraintOffsetTarget.swift in Sources */,
				F20E5F8E1DF53D0D0069088D /* TodayViewController.swift in Sources */,
				F205301C1E88B8010068A97F /* ConstraintMakerFinalizable.swift in Sources */,
				F20530121E88B8010068A97F /* ConstraintLayoutSupport.swift in Sources */,
				F205303A1E88B8010068A97F /* LayoutConstraintItem.swift in Sources */,
				F20530161E88B8010068A97F /* ConstraintMaker.swift in Sources */,
				F2052FFC1E88B8010068A97F /* ConstraintAttributes.swift in Sources */,
				F20530341E88B8010068A97F /* Debugging.swift in Sources */,
				F20530041E88B8010068A97F /* ConstraintDSL.swift in Sources */,
				6E766D011EFCE09800C62CED /* ReachabilityManager.swift in Sources */,
				F205302E1E88B8010068A97F /* ConstraintView+Extensions.swift in Sources */,
				F20530141E88B8010068A97F /* ConstraintLayoutSupportDSL.swift in Sources */,
				F20530301E88B8010068A97F /* ConstraintView.swift in Sources */,
				F20530061E88B8010068A97F /* ConstraintInsets.swift in Sources */,
				F205302A1E88B8010068A97F /* ConstraintRelatableTarget.swift in Sources */,
				F205302C1E88B8010068A97F /* ConstraintRelation.swift in Sources */,
				6E766CFD1EFCE08C00C62CED /* MemoryCaculate.m in Sources */,
				F205301E1E88B8010068A97F /* ConstraintMakerPriortizable.swift in Sources */,
				F20530181E88B8010068A97F /* ConstraintMakerEditable.swift in Sources */,
				6E20E7201EEFC552007F2884 /* NetSpeedConvert.swift in Sources */,
				F2052FFE1E88B8010068A97F /* ConstraintConfig.swift in Sources */,
				F205300E1E88B8010068A97F /* ConstraintLayoutGuide.swift in Sources */,
				6E766CFB1EFCE07A00C62CED /* DRHistogramView.swift in Sources */,
				F2052FFA1E88B8010068A97F /* Constraint.swift in Sources */,
				F205300C1E88B8010068A97F /* ConstraintLayoutGuide+Extensions.swift in Sources */,
				F205301A1E88B8010068A97F /* ConstraintMakerExtendable.swift in Sources */,
				F20530101E88B8010068A97F /* ConstraintLayoutGuideDSL.swift in Sources */,
				F20530001E88B8010068A97F /* ConstraintConstantTarget.swift in Sources */,
				F20530021E88B8010068A97F /* ConstraintDescription.swift in Sources */,
				F205303C1E88B8010068A97F /* UILayoutSupport+Extensions.swift in Sources */,
				F20530221E88B8010068A97F /* ConstraintMultiplierTarget.swift in Sources */,
				F20530261E88B8010068A97F /* ConstraintPriority.swift in Sources */,
				6EFF1E201EEFBC530006A2E3 /* Reachability.swift in Sources */,
				F20530321E88B8010068A97F /* ConstraintViewDSL.swift in Sources */,
				6E766CFF1EFCE09500C62CED /* NetSpeedCaculate.m in Sources */,
			);
			runOnlyForDeploymentPostprocessing = 0;
		};
		F21FA9FF1DEEDD28007576F5 /* Sources */ = {
			isa = PBXSourcesBuildPhase;
			buildActionMask = 2147483647;
			files = (
				F20530171E88B8010068A97F /* ConstraintMakerEditable.swift in Sources */,
				F20530311E88B8010068A97F /* ConstraintViewDSL.swift in Sources */,
				F20530051E88B8010068A97F /* ConstraintInsets.swift in Sources */,
				6E766CFE1EFCE09400C62CED /* NetSpeedCaculate.m in Sources */,
				F20530151E88B8010068A97F /* ConstraintMaker.swift in Sources */,
				F205300B1E88B8010068A97F /* ConstraintLayoutGuide+Extensions.swift in Sources */,
				F2052FFF1E88B8010068A97F /* ConstraintConstantTarget.swift in Sources */,
				F2052FF91E88B8010068A97F /* Constraint.swift in Sources */,
				F20530031E88B8010068A97F /* ConstraintDSL.swift in Sources */,
				F205301D1E88B8010068A97F /* ConstraintMakerPriortizable.swift in Sources */,
				F2052FFB1E88B8010068A97F /* ConstraintAttributes.swift in Sources */,
				F20530391E88B8010068A97F /* LayoutConstraintItem.swift in Sources */,
				6E92722C1EFCEAC700C54682 /* BgProgressViewCell.swift in Sources */,
				F20530231E88B8010068A97F /* ConstraintOffsetTarget.swift in Sources */,
				F205300D1E88B8010068A97F /* ConstraintLayoutGuide.swift in Sources */,
				F205302F1E88B8010068A97F /* ConstraintView.swift in Sources */,
				6E766CFC1EFCE08B00C62CED /* MemoryCaculate.m in Sources */,
				F205300F1E88B8010068A97F /* ConstraintLayoutGuideDSL.swift in Sources */,
				F205303B1E88B8010068A97F /* UILayoutSupport+Extensions.swift in Sources */,
				F20530191E88B8010068A97F /* ConstraintMakerExtendable.swift in Sources */,
				6E766CF81EFCE07A00C62CED /* DiskSpaceCaculate.swift in Sources */,
				F21FAA091DEEDD28007576F5 /* ViewController.swift in Sources */,
				6E766CF71EFCE07200C62CED /* CurrentWIFIManager.swift in Sources */,
				F20530111E88B8010068A97F /* ConstraintLayoutSupport.swift in Sources */,
				F20530091E88B8010068A97F /* ConstraintItem.swift in Sources */,
				F20530071E88B8010068A97F /* ConstraintInsetTarget.swift in Sources */,
				F2052FFD1E88B8010068A97F /* ConstraintConfig.swift in Sources */,
				F20530331E88B8010068A97F /* Debugging.swift in Sources */,
				F20530271E88B8010068A97F /* ConstraintPriorityTarget.swift in Sources */,
				6E20E71F1EEFC552007F2884 /* NetSpeedConvert.swift in Sources */,
				F205302D1E88B8010068A97F /* ConstraintView+Extensions.swift in Sources */,
				F205302B1E88B8010068A97F /* ConstraintRelation.swift in Sources */,
				F20530131E88B8010068A97F /* ConstraintLayoutSupportDSL.swift in Sources */,
				F21FAA071DEEDD28007576F5 /* AppDelegate.swift in Sources */,
				6E766CF91EFCE07A00C62CED /* DRHistogramView.swift in Sources */,
				6EFF1E211EEFBC540006A2E3 /* Reachability.swift in Sources */,
				F20530251E88B8010068A97F /* ConstraintPriority.swift in Sources */,
				F20530211E88B8010068A97F /* ConstraintMultiplierTarget.swift in Sources */,
				F205301F1E88B8010068A97F /* ConstraintMakerRelatable.swift in Sources */,
				F20530371E88B8010068A97F /* LayoutConstraint.swift in Sources */,
				F205301B1E88B8010068A97F /* ConstraintMakerFinalizable.swift in Sources */,
				6E766D001EFCE09800C62CED /* ReachabilityManager.swift in Sources */,
				F20530291E88B8010068A97F /* ConstraintRelatableTarget.swift in Sources */,
				F20530011E88B8010068A97F /* ConstraintDescription.swift in Sources */,
			);
			runOnlyForDeploymentPostprocessing = 0;
		};
/* End PBXSourcesBuildPhase section */

/* Begin PBXTargetDependency section */
		F20E5F941DF53D0D0069088D /* PBXTargetDependency */ = {
			isa = PBXTargetDependency;
			target = F20E5F871DF53D0D0069088D /* MemoryReview */;
			targetProxy = F20E5F931DF53D0D0069088D /* PBXContainerItemProxy */;
		};
/* End PBXTargetDependency section */

/* Begin PBXVariantGroup section */
		F20E5F8F1DF53D0D0069088D /* MainInterface.storyboard */ = {
			isa = PBXVariantGroup;
			children = (
				F20E5F901DF53D0D0069088D /* Base */,
			);
			name = MainInterface.storyboard;
			sourceTree = "<group>";
		};
		F21FAA0A1DEEDD28007576F5 /* Main.storyboard */ = {
			isa = PBXVariantGroup;
			children = (
				F21FAA0B1DEEDD28007576F5 /* Base */,
			);
			name = Main.storyboard;
			sourceTree = "<group>";
		};
		F21FAA0F1DEEDD28007576F5 /* LaunchScreen.storyboard */ = {
			isa = PBXVariantGroup;
			children = (
				F21FAA101DEEDD28007576F5 /* Base */,
			);
			name = LaunchScreen.storyboard;
			sourceTree = "<group>";
		};
/* End PBXVariantGroup section */

/* Begin XCBuildConfiguration section */
		F20E5F961DF53D0D0069088D /* Debug */ = {
			isa = XCBuildConfiguration;
			buildSettings = {
				APPLICATION_EXTENSION_API_ONLY = NO;
				CODE_SIGN_ENTITLEMENTS = MemoryReview/MemoryReview.entitlements;
				DEVELOPMENT_TEAM = R6223ZBKTR;
				INFOPLIST_FILE = MemoryReview/Info.plist;
				LD_RUNPATH_SEARCH_PATHS = "$(inherited) @executable_path/Frameworks @executable_path/../../Frameworks";
				PRODUCT_BUNDLE_IDENTIFIER = com.lohas.MemoryReview.Review;
				PRODUCT_NAME = "$(TARGET_NAME)";
				SKIP_INSTALL = YES;
				SWIFT_OBJC_BRIDGING_HEADER = "DRHistogramViewExample/DRHistogramViewExample-Bridging-Header.h";
				SWIFT_SWIFT3_OBJC_INFERENCE = On;
				SWIFT_VERSION = 4.0;
			};
			name = Debug;
		};
		F20E5F971DF53D0D0069088D /* Release */ = {
			isa = XCBuildConfiguration;
			buildSettings = {
				APPLICATION_EXTENSION_API_ONLY = NO;
				CODE_SIGN_ENTITLEMENTS = MemoryReview/MemoryReview.entitlements;
				DEVELOPMENT_TEAM = R6223ZBKTR;
				INFOPLIST_FILE = MemoryReview/Info.plist;
				LD_RUNPATH_SEARCH_PATHS = "$(inherited) @executable_path/Frameworks @executable_path/../../Frameworks";
				PRODUCT_BUNDLE_IDENTIFIER = com.lohas.MemoryReview.Review;
				PRODUCT_NAME = "$(TARGET_NAME)";
				SKIP_INSTALL = YES;
				SWIFT_OBJC_BRIDGING_HEADER = "DRHistogramViewExample/DRHistogramViewExample-Bridging-Header.h";
				SWIFT_SWIFT3_OBJC_INFERENCE = On;
				SWIFT_VERSION = 4.0;
			};
			name = Release;
		};
		F21FAA131DEEDD28007576F5 /* Debug */ = {
			isa = XCBuildConfiguration;
			buildSettings = {
				ALWAYS_SEARCH_USER_PATHS = NO;
				CLANG_ANALYZER_NONNULL = YES;
				CLANG_CXX_LANGUAGE_STANDARD = "gnu++0x";
				CLANG_CXX_LIBRARY = "libc++";
				CLANG_ENABLE_MODULES = YES;
				CLANG_ENABLE_OBJC_ARC = YES;
				CLANG_WARN_BOOL_CONVERSION = YES;
				CLANG_WARN_CONSTANT_CONVERSION = YES;
				CLANG_WARN_DIRECT_OBJC_ISA_USAGE = YES_ERROR;
				CLANG_WARN_DOCUMENTATION_COMMENTS = YES;
				CLANG_WARN_EMPTY_BODY = YES;
				CLANG_WARN_ENUM_CONVERSION = YES;
				CLANG_WARN_INFINITE_RECURSION = YES;
				CLANG_WARN_INT_CONVERSION = YES;
				CLANG_WARN_OBJC_ROOT_CLASS = YES_ERROR;
				CLANG_WARN_SUSPICIOUS_MOVES = YES;
				CLANG_WARN_UNREACHABLE_CODE = YES;
				CLANG_WARN__DUPLICATE_METHOD_MATCH = YES;
				"CODE_SIGN_IDENTITY[sdk=iphoneos*]" = "iPhone Developer";
				COPY_PHASE_STRIP = NO;
				DEBUG_INFORMATION_FORMAT = dwarf;
				ENABLE_STRICT_OBJC_MSGSEND = YES;
				ENABLE_TESTABILITY = YES;
				GCC_C_LANGUAGE_STANDARD = gnu99;
				GCC_DYNAMIC_NO_PIC = NO;
				GCC_NO_COMMON_BLOCKS = YES;
				GCC_OPTIMIZATION_LEVEL = 0;
				GCC_PREPROCESSOR_DEFINITIONS = (
					"DEBUG=1",
					"$(inherited)",
				);
				GCC_WARN_64_TO_32_BIT_CONVERSION = YES;
				GCC_WARN_ABOUT_RETURN_TYPE = YES_ERROR;
				GCC_WARN_UNDECLARED_SELECTOR = YES;
				GCC_WARN_UNINITIALIZED_AUTOS = YES_AGGRESSIVE;
				GCC_WARN_UNUSED_FUNCTION = YES;
				GCC_WARN_UNUSED_VARIABLE = YES;
				IPHONEOS_DEPLOYMENT_TARGET = 10.0;
				MTL_ENABLE_DEBUG_INFO = YES;
				ONLY_ACTIVE_ARCH = YES;
				SDKROOT = iphoneos;
				SWIFT_ACTIVE_COMPILATION_CONDITIONS = DEBUG;
				SWIFT_OPTIMIZATION_LEVEL = "-Onone";
				TARGETED_DEVICE_FAMILY = "1,2";
			};
			name = Debug;
		};
		F21FAA141DEEDD28007576F5 /* Release */ = {
			isa = XCBuildConfiguration;
			buildSettings = {
				ALWAYS_SEARCH_USER_PATHS = NO;
				CLANG_ANALYZER_NONNULL = YES;
				CLANG_CXX_LANGUAGE_STANDARD = "gnu++0x";
				CLANG_CXX_LIBRARY = "libc++";
				CLANG_ENABLE_MODULES = YES;
				CLANG_ENABLE_OBJC_ARC = YES;
				CLANG_WARN_BOOL_CONVERSION = YES;
				CLANG_WARN_CONSTANT_CONVERSION = YES;
				CLANG_WARN_DIRECT_OBJC_ISA_USAGE = YES_ERROR;
				CLANG_WARN_DOCUMENTATION_COMMENTS = YES;
				CLANG_WARN_EMPTY_BODY = YES;
				CLANG_WARN_ENUM_CONVERSION = YES;
				CLANG_WARN_INFINITE_RECURSION = YES;
				CLANG_WARN_INT_CONVERSION = YES;
				CLANG_WARN_OBJC_ROOT_CLASS = YES_ERROR;
				CLANG_WARN_SUSPICIOUS_MOVES = YES;
				CLANG_WARN_UNREACHABLE_CODE = YES;
				CLANG_WARN__DUPLICATE_METHOD_MATCH = YES;
				"CODE_SIGN_IDENTITY[sdk=iphoneos*]" = "iPhone Developer";
				COPY_PHASE_STRIP = NO;
				DEBUG_INFORMATION_FORMAT = "dwarf-with-dsym";
				ENABLE_NS_ASSERTIONS = NO;
				ENABLE_STRICT_OBJC_MSGSEND = YES;
				GCC_C_LANGUAGE_STANDARD = gnu99;
				GCC_NO_COMMON_BLOCKS = YES;
				GCC_WARN_64_TO_32_BIT_CONVERSION = YES;
				GCC_WARN_ABOUT_RETURN_TYPE = YES_ERROR;
				GCC_WARN_UNDECLARED_SELECTOR = YES;
				GCC_WARN_UNINITIALIZED_AUTOS = YES_AGGRESSIVE;
				GCC_WARN_UNUSED_FUNCTION = YES;
				GCC_WARN_UNUSED_VARIABLE = YES;
				IPHONEOS_DEPLOYMENT_TARGET = 10.0;
				MTL_ENABLE_DEBUG_INFO = NO;
				SDKROOT = iphoneos;
				SWIFT_OPTIMIZATION_LEVEL = "-Owholemodule";
				TARGETED_DEVICE_FAMILY = "1,2";
				VALIDATE_PRODUCT = YES;
			};
			name = Release;
		};
		F21FAA161DEEDD28007576F5 /* Debug */ = {
			isa = XCBuildConfiguration;
			buildSettings = {
				ALWAYS_EMBED_SWIFT_STANDARD_LIBRARIES = YES;
				ASSETCATALOG_COMPILER_APPICON_NAME = AppIcon;
				CLANG_ENABLE_MODULES = YES;
				CODE_SIGN_ENTITLEMENTS = DRHistogramViewExample/DRHistogramViewExample.entitlements;
				CODE_SIGN_IDENTITY = "iPhone Developer: vip_test@lohas-tech.com.cn (88D2S6TW7H)";
				"CODE_SIGN_IDENTITY[sdk=iphoneos*]" = "iPhone Developer";
				DEVELOPMENT_TEAM = R6223ZBKTR;
				INFOPLIST_FILE = DRHistogramViewExample/Info.plist;
				IPHONEOS_DEPLOYMENT_TARGET = 8.0;
				LD_RUNPATH_SEARCH_PATHS = "$(inherited) @executable_path/Frameworks";
				PRODUCT_BUNDLE_IDENTIFIER = com.lohas.MemoryReview;
				PRODUCT_NAME = "$(TARGET_NAME)";
				PROVISIONING_PROFILE = "";
				PROVISIONING_PROFILE_SPECIFIER = "";
				SWIFT_OBJC_BRIDGING_HEADER = "DRHistogramViewExample/DRHistogramViewExample-Bridging-Header.h";
				SWIFT_OPTIMIZATION_LEVEL = "-Onone";
				SWIFT_SWIFT3_OBJC_INFERENCE = On;
				SWIFT_VERSION = 4.0;
			};
			name = Debug;
		};
		F21FAA171DEEDD28007576F5 /* Release */ = {
			isa = XCBuildConfiguration;
			buildSettings = {
				ALWAYS_EMBED_SWIFT_STANDARD_LIBRARIES = YES;
				ASSETCATALOG_COMPILER_APPICON_NAME = AppIcon;
				CLANG_ENABLE_MODULES = YES;
				CODE_SIGN_ENTITLEMENTS = DRHistogramViewExample/DRHistogramViewExample.entitlements;
				CODE_SIGN_IDENTITY = "iPhone Developer: vip_test@lohas-tech.com.cn (88D2S6TW7H)";
				"CODE_SIGN_IDENTITY[sdk=iphoneos*]" = "iPhone Developer";
				DEVELOPMENT_TEAM = R6223ZBKTR;
				INFOPLIST_FILE = DRHistogramViewExample/Info.plist;
				IPHONEOS_DEPLOYMENT_TARGET = 8.0;
				LD_RUNPATH_SEARCH_PATHS = "$(inherited) @executable_path/Frameworks";
				PRODUCT_BUNDLE_IDENTIFIER = com.lohas.MemoryReview;
				PRODUCT_NAME = "$(TARGET_NAME)";
				SWIFT_OBJC_BRIDGING_HEADER = "DRHistogramViewExample/DRHistogramViewExample-Bridging-Header.h";
				SWIFT_SWIFT3_OBJC_INFERENCE = On;
				SWIFT_VERSION = 4.0;
			};
			name = Release;
		};
/* End XCBuildConfiguration section */

/* Begin XCConfigurationList section */
		F20E5F981DF53D0D0069088D /* Build configuration list for PBXNativeTarget "MemoryReview" */ = {
			isa = XCConfigurationList;
			buildConfigurations = (
				F20E5F961DF53D0D0069088D /* Debug */,
				F20E5F971DF53D0D0069088D /* Release */,
			);
			defaultConfigurationIsVisible = 0;
			defaultConfigurationName = Release;
		};
		F21FA9FE1DEEDD28007576F5 /* Build configuration list for PBXProject "DRHistogramViewExample" */ = {
			isa = XCConfigurationList;
			buildConfigurations = (
				F21FAA131DEEDD28007576F5 /* Debug */,
				F21FAA141DEEDD28007576F5 /* Release */,
			);
			defaultConfigurationIsVisible = 0;
			defaultConfigurationName = Release;
		};
		F21FAA151DEEDD28007576F5 /* Build configuration list for PBXNativeTarget "DRHistogramViewExample" */ = {
			isa = XCConfigurationList;
			buildConfigurations = (
				F21FAA161DEEDD28007576F5 /* Debug */,
				F21FAA171DEEDD28007576F5 /* Release */,
			);
			defaultConfigurationIsVisible = 0;
			defaultConfigurationName = Release;
		};
/* End XCConfigurationList section */
	};
	rootObject = F21FA9FB1DEEDD28007576F5 /* Project object */;
}
